// !$*UTF8*$!
{
	archiveVersion = 1;
	classes = {
	};
	objectVersion = 46;
	objects = {

/* Begin PBXBuildFile section */
		40EBF7A71A38E78E001B0AC0 /* AppDelegate.swift in Sources */ = {isa = PBXBuildFile; fileRef = 40EBF7A61A38E78E001B0AC0 /* AppDelegate.swift */; };
		40EBF7A91A38E78E001B0AC0 /* ViewController.swift in Sources */ = {isa = PBXBuildFile; fileRef = 40EBF7A81A38E78E001B0AC0 /* ViewController.swift */; };
		40EBF7AC1A38E78E001B0AC0 /* Main.storyboard in Resources */ = {isa = PBXBuildFile; fileRef = 40EBF7AA1A38E78E001B0AC0 /* Main.storyboard */; };
		40EBF7AE1A38E78E001B0AC0 /* Images.xcassets in Resources */ = {isa = PBXBuildFile; fileRef = 40EBF7AD1A38E78E001B0AC0 /* Images.xcassets */; };
		40EBF7B11A38E78E001B0AC0 /* LaunchScreen.xib in Resources */ = {isa = PBXBuildFile; fileRef = 40EBF7AF1A38E78E001B0AC0 /* LaunchScreen.xib */; };
		40EBF7BD1A38E78E001B0AC0 /* Table_ViewTests.swift in Sources */ = {isa = PBXBuildFile; fileRef = 40EBF7BC1A38E78E001B0AC0 /* Table_ViewTests.swift */; };
/* End PBXBuildFile section */

/* Begin PBXContainerItemProxy section */
		40EBF7B71A38E78E001B0AC0 /* PBXContainerItemProxy */ = {
			isa = PBXContainerItemProxy;
			containerPortal = 40EBF7991A38E78E001B0AC0 /* Project object */;
			proxyType = 1;
			remoteGlobalIDString = 40EBF7A01A38E78E001B0AC0;
			remoteInfo = "Table View";
		};
/* End PBXContainerItemProxy section */

/* Begin PBXFileReference section */
		40EBF7A11A38E78E001B0AC0 /* Table View.app */ = {isa = PBXFileReference; explicitFileType = wrapper.application; includeInIndex = 0; path = "Table View.app"; sourceTree = BUILT_PRODUCTS_DIR; };
		40EBF7A51A38E78E001B0AC0 /* Info.plist */ = {isa = PBXFileReference; lastKnownFileType = text.plist.xml; path = Info.plist; sourceTree = "<group>"; };
		40EBF7A61A38E78E001B0AC0 /* AppDelegate.swift */ = {isa = PBXFileReference; lastKnownFileType = sourcecode.swift; path = AppDelegate.swift; sourceTree = "<group>"; };
		40EBF7A81A38E78E001B0AC0 /* ViewController.swift */ = {isa = PBXFileReference; lastKnownFileType = sourcecode.swift; path = ViewController.swift; sourceTree = "<group>"; };
		40EBF7AB1A38E78E001B0AC0 /* Base */ = {isa = PBXFileReference; lastKnownFileType = file.storyboard; name = Base; path = Base.lproj/Main.storyboard; sourceTree = "<group>"; };
		40EBF7AD1A38E78E001B0AC0 /* Images.xcassets */ = {isa = PBXFileReference; lastKnownFileType = folder.assetcatalog; path = Images.xcassets; sourceTree = "<group>"; };
		40EBF7B01A38E78E001B0AC0 /* Base */ = {isa = PBXFileReference; lastKnownFileType = file.xib; name = Base; path = Base.lproj/LaunchScreen.xib; sourceTree = "<group>"; };
		40EBF7B61A38E78E001B0AC0 /* Table ViewTests.xctest */ = {isa = PBXFileReference; explicitFileType = wrapper.cfbundle; includeInIndex = 0; path = "Table ViewTests.xctest"; sourceTree = BUILT_PRODUCTS_DIR; };
		40EBF7BB1A38E78E001B0AC0 /* Info.plist */ = {isa = PBXFileReference; lastKnownFileType = text.plist.xml; path = Info.plist; sourceTree = "<group>"; };
		40EBF7BC1A38E78E001B0AC0 /* Table_ViewTests.swift */ = {isa = PBXFileReference; lastKnownFileType = sourcecode.swift; path = Table_ViewTests.swift; sourceTree = "<group>"; };
/* End PBXFileReference section */

/* Begin PBXFrameworksBuildPhase section */
		40EBF79E1A38E78E001B0AC0 /* Frameworks */ = {
			isa = PBXFrameworksBuildPhase;
			buildActionMask = 2147483647;
			files = (
			);
			runOnlyForDeploymentPostprocessing = 0;
		};
		40EBF7B31A38E78E001B0AC0 /* Frameworks */ = {
			isa = PBXFrameworksBuildPhase;
			buildActionMask = 2147483647;
			files = (
			);
			runOnlyForDeploymentPostprocessing = 0;
		};
/* End PBXFrameworksBuildPhase section */

/* Begin PBXGroup section */
		40EBF7981A38E78E001B0AC0 = {
			isa = PBXGroup;
			children = (
				40EBF7A31A38E78E001B0AC0 /* Table View */,
				40EBF7B91A38E78E001B0AC0 /* Table ViewTests */,
				40EBF7A21A38E78E001B0AC0 /* Products */,
			);
			sourceTree = "<group>";
		};
		40EBF7A21A38E78E001B0AC0 /* Products */ = {
			isa = PBXGroup;
			children = (
				40EBF7A11A38E78E001B0AC0 /* Table View.app */,
				40EBF7B61A38E78E001B0AC0 /* Table ViewTests.xctest */,
			);
			name = Products;
			sourceTree = "<group>";
		};
		40EBF7A31A38E78E001B0AC0 /* Table View */ = {
			isa = PBXGroup;
			children = (
				40EBF7A61A38E78E001B0AC0 /* AppDelegate.swift */,
				40EBF7A81A38E78E001B0AC0 /* ViewController.swift */,
				40EBF7AA1A38E78E001B0AC0 /* Main.storyboard */,
				40EBF7AD1A38E78E001B0AC0 /* Images.xcassets */,
				40EBF7AF1A38E78E001B0AC0 /* LaunchScreen.xib */,
				40EBF7A41A38E78E001B0AC0 /* Supporting Files */,
			);
			path = "Table View";
			sourceTree = "<group>";
		};
		40EBF7A41A38E78E001B0AC0 /* Supporting Files */ = {
			isa = PBXGroup;
			children = (
				40EBF7A51A38E78E001B0AC0 /* Info.plist */,
			);
			name = "Supporting Files";
			sourceTree = "<group>";
		};
		40EBF7B91A38E78E001B0AC0 /* Table ViewTests */ = {
			isa = PBXGroup;
			children = (
				40EBF7BC1A38E78E001B0AC0 /* Table_ViewTests.swift */,
				40EBF7BA1A38E78E001B0AC0 /* Supporting Files */,
			);
			path = "Table ViewTests";
			sourceTree = "<group>";
		};
		40EBF7BA1A38E78E001B0AC0 /* Supporting Files */ = {
			isa = PBXGroup;
			children = (
				40EBF7BB1A38E78E001B0AC0 /* Info.plist */,
			);
			name = "Supporting Files";
			sourceTree = "<group>";
		};
/* End PBXGroup section */

/* Begin PBXNativeTarget section */
		40EBF7A01A38E78E001B0AC0 /* Table View */ = {
			isa = PBXNativeTarget;
			buildConfigurationList = 40EBF7C01A38E78E001B0AC0 /* Build configuration list for PBXNativeTarget "Table View" */;
			buildPhases = (
				40EBF79D1A38E78E001B0AC0 /* Sources */,
				40EBF79E1A38E78E001B0AC0 /* Frameworks */,
				40EBF79F1A38E78E001B0AC0 /* Resources */,
			);
			buildRules = (
			);
			dependencies = (
			);
			name = "Table View";
			productName = "Table View";
			productReference = 40EBF7A11A38E78E001B0AC0 /* Table View.app */;
			productType = "com.apple.product-type.application";
		};
		40EBF7B51A38E78E001B0AC0 /* Table ViewTests */ = {
			isa = PBXNativeTarget;
			buildConfigurationList = 40EBF7C31A38E78E001B0AC0 /* Build configuration list for PBXNativeTarget "Table ViewTests" */;
			buildPhases = (
				40EBF7B21A38E78E001B0AC0 /* Sources */,
				40EBF7B31A38E78E001B0AC0 /* Frameworks */,
				40EBF7B41A38E78E001B0AC0 /* Resources */,
			);
			buildRules = (
			);
			dependencies = (
				40EBF7B81A38E78E001B0AC0 /* PBXTargetDependency */,
			);
			name = "Table ViewTests";
			productName = "Table ViewTests";
			productReference = 40EBF7B61A38E78E001B0AC0 /* Table ViewTests.xctest */;
			productType = "com.apple.product-type.bundle.unit-test";
		};
/* End PBXNativeTarget section */

/* Begin PBXProject section */
		40EBF7991A38E78E001B0AC0 /* Project object */ = {
			isa = PBXProject;
			attributes = {
				LastUpgradeCheck = 0610;
				ORGANIZATIONNAME = "Gökhan ACER";
				TargetAttributes = {
					40EBF7A01A38E78E001B0AC0 = {
						CreatedOnToolsVersion = 6.1;
					};
					40EBF7B51A38E78E001B0AC0 = {
						CreatedOnToolsVersion = 6.1;
						TestTargetID = 40EBF7A01A38E78E001B0AC0;
					};
				};
			};
			buildConfigurationList = 40EBF79C1A38E78E001B0AC0 /* Build configuration list for PBXProject "Table View" */;
			compatibilityVersion = "Xcode 3.2";
			developmentRegion = English;
			hasScannedForEncodings = 0;
			knownRegions = (
				en,
				Base,
			);
			mainGroup = 40EBF7981A38E78E001B0AC0;
			productRefGroup = 40EBF7A21A38E78E001B0AC0 /* Products */;
			projectDirPath = "";
			projectRoot = "";
			targets = (
				40EBF7A01A38E78E001B0AC0 /* Table View */,
				40EBF7B51A38E78E001B0AC0 /* Table ViewTests */,
			);
		};
/* End PBXProject section */

/* Begin PBXResourcesBuildPhase section */
		40EBF79F1A38E78E001B0AC0 /* Resources */ = {
			isa = PBXResourcesBuildPhase;
			buildActionMask = 2147483647;
			files = (
				40EBF7AC1A38E78E001B0AC0 /* Main.storyboard in Resources */,
				40EBF7B11A38E78E001B0AC0 /* LaunchScreen.xib in Resources */,
				40EBF7AE1A38E78E001B0AC0 /* Images.xcassets in Resources */,
			);
			runOnlyForDeploymentPostprocessing = 0;
		};
		40EBF7B41A38E78E001B0AC0 /* Resources */ = {
			isa = PBXResourcesBuildPhase;
			buildActionMask = 2147483647;
			files = (
			);
			runOnlyForDeploymentPostprocessing = 0;
		};
/* End PBXResourcesBuildPhase section */

/* Begin PBXSourcesBuildPhase section */
		40EBF79D1A38E78E001B0AC0 /* Sources */ = {
			isa = PBXSourcesBuildPhase;
			buildActionMask = 2147483647;
			files = (
				40EBF7A91A38E78E001B0AC0 /* ViewController.swift in Sources */,
				40EBF7A71A38E78E001B0AC0 /* AppDelegate.swift in Sources */,
			);
			runOnlyForDeploymentPostprocessing = 0;
		};
		40EBF7B21A38E78E001B0AC0 /* Sources */ = {
			isa = PBXSourcesBuildPhase;
			buildActionMask = 2147483647;
			files = (
				40EBF7BD1A38E78E001B0AC0 /* Table_ViewTests.swift in Sources */,
			);
			runOnlyForDeploymentPostprocessing = 0;
		};
/* End PBXSourcesBuildPhase section */

/* Begin PBXTargetDependency section */
		40EBF7B81A38E78E001B0AC0 /* PBXTargetDependency */ = {
			isa = PBXTargetDependency;
			target = 40EBF7A01A38E78E001B0AC0 /* Table View */;
			targetProxy = 40EBF7B71A38E78E001B0AC0 /* PBXContainerItemProxy */;
		};
/* End PBXTargetDependency section */

/* Begin PBXVariantGroup section */
		40EBF7AA1A38E78E001B0AC0 /* Main.storyboard */ = {
			isa = PBXVariantGroup;
			children = (
				40EBF7AB1A38E78E001B0AC0 /* Base */,
			);
			name = Main.storyboard;
			sourceTree = "<group>";
		};
		40EBF7AF1A38E78E001B0AC0 /* LaunchScreen.xib */ = {
			isa = PBXVariantGroup;
			children = (
				40EBF7B01A38E78E001B0AC0 /* Base */,
			);
			name = LaunchScreen.xib;
			sourceTree = "<group>";
		};
/* End PBXVariantGroup section */

/* Begin XCBuildConfiguration section */
		40EBF7BE1A38E78E001B0AC0 /* Debug */ = {
			isa = XCBuildConfiguration;
			buildSettings = {
				ALWAYS_SEARCH_USER_PATHS = NO;
				CLANG_CXX_LANGUAGE_STANDARD = "gnu++0x";
				CLANG_CXX_LIBRARY = "libc++";
				CLANG_ENABLE_MODULES = YES;
				CLANG_ENABLE_OBJC_ARC = YES;
				CLANG_WARN_BOOL_CONVERSION = YES;
				CLANG_WARN_CONSTANT_CONVERSION = YES;
				CLANG_WARN_DIRECT_OBJC_ISA_USAGE = YES_ERROR;
				CLANG_WARN_EMPTY_BODY = YES;
				CLANG_WARN_ENUM_CONVERSION = YES;
				CLANG_WARN_INT_CONVERSION = YES;
				CLANG_WARN_OBJC_ROOT_CLASS = YES_ERROR;
				CLANG_WARN_UNREACHABLE_CODE = YES;
				CLANG_WARN__DUPLICATE_METHOD_MATCH = YES;
				"CODE_SIGN_IDENTITY[sdk=iphoneos*]" = "iPhone Developer";
				COPY_PHASE_STRIP = NO;
				ENABLE_STRICT_OBJC_MSGSEND = YES;
				GCC_C_LANGUAGE_STANDARD = gnu99;
				GCC_DYNAMIC_NO_PIC = NO;
				GCC_OPTIMIZATION_LEVEL = 0;
				GCC_PREPROCESSOR_DEFINITIONS = (
					"DEBUG=1",
					"$(inherited)",
				);
				GCC_SYMBOLS_PRIVATE_EXTERN = NO;
				GCC_WARN_64_TO_32_BIT_CONVERSION = YES;
				GCC_WARN_ABOUT_RETURN_TYPE = YES_ERROR;
				GCC_WARN_UNDECLARED_SELECTOR = YES;
				GCC_WARN_UNINITIALIZED_AUTOS = YES_AGGRESSIVE;
				GCC_WARN_UNUSED_FUNCTION = YES;
				GCC_WARN_UNUSED_VARIABLE = YES;
				IPHONEOS_DEPLOYMENT_TARGET = 8.1;
				MTL_ENABLE_DEBUG_INFO = YES;
				ONLY_ACTIVE_ARCH = YES;
				SDKROOT = iphoneos;
				SWIFT_OPTIMIZATION_LEVEL = "-Onone";
			};
			name = Debug;
		};
		40EBF7BF1A38E78E001B0AC0 /* Release */ = {
			isa = XCBuildConfiguration;
			buildSettings = {
				ALWAYS_SEARCH_USER_PATHS = NO;
				CLANG_CXX_LANGUAGE_STANDARD = "gnu++0x";
				CLANG_CXX_LIBRARY = "libc++";
				CLANG_ENABLE_MODULES = YES;
				CLANG_ENABLE_OBJC_ARC = YES;
				CLANG_WARN_BOOL_CONVERSION = YES;
				CLANG_WARN_CONSTANT_CONVERSION = YES;
				CLANG_WARN_DIRECT_OBJC_ISA_USAGE = YES_ERROR;
				CLANG_WARN_EMPTY_BODY = YES;
				CLANG_WARN_ENUM_CONVERSION = YES;
				CLANG_WARN_INT_CONVERSION = YES;
				CLANG_WARN_OBJC_ROOT_CLASS = YES_ERROR;
				CLANG_WARN_UNREACHABLE_CODE = YES;
				CLANG_WARN__DUPLICATE_METHOD_MATCH = YES;
				"CODE_SIGN_IDENTITY[sdk=iphoneos*]" = "iPhone Developer";
				COPY_PHASE_STRIP = YES;
				ENABLE_NS_ASSERTIONS = NO;
				ENABLE_STRICT_OBJC_MSGSEND = YES;
				GCC_C_LANGUAGE_STANDARD = gnu99;
				GCC_WARN_64_TO_32_BIT_CONVERSION = YES;
				GCC_WARN_ABOUT_RETURN_TYPE = YES_ERROR;
				GCC_WARN_UNDECLARED_SELECTOR = YES;
				GCC_WARN_UNINITIALIZED_AUTOS = YES_AGGRESSIVE;
				GCC_WARN_UNUSED_FUNCTION = YES;
				GCC_WARN_UNUSED_VARIABLE = YES;
				IPHONEOS_DEPLOYMENT_TARGET = 8.1;
				MTL_ENABLE_DEBUG_INFO = NO;
				SDKROOT = iphoneos;
				VALIDATE_PRODUCT = YES;
			};
			name = Release;
		};
		40EBF7C11A38E78E001B0AC0 /* Debug */ = {
			isa = XCBuildConfiguration;
			buildSettings = {
				ASSETCATALOG_COMPILER_APPICON_NAME = AppIcon;
				INFOPLIST_FILE = "Table View/Info.plist";
				LD_RUNPATH_SEARCH_PATHS = "$(inherited) @executable_path/Frameworks";
				PRODUCT_NAME = "$(TARGET_NAME)";
			};
			name = Debug;
		};
		40EBF7C21A38E78E001B0AC0 /* Release */ = {
			isa = XCBuildConfiguration;
			buildSettings = {
				ASSETCATALOG_COMPILER_APPICON_NAME = AppIcon;
				INFOPLIST_FILE = "Table View/Info.plist";
				LD_RUNPATH_SEARCH_PATHS = "$(inherited) @executable_path/Frameworks";
				PRODUCT_NAME = "$(TARGET_NAME)";
			};
			name = Release;
		};
		40EBF7C41A38E78E001B0AC0 /* Debug */ = {
			isa = XCBuildConfiguration;
			buildSettings = {
				BUNDLE_LOADER = "$(TEST_HOST)";
				FRAMEWORK_SEARCH_PATHS = (
					"$(SDKROOT)/Developer/Library/Frameworks",
					"$(inherited)",
				);
				GCC_PREPROCESSOR_DEFINITIONS = (
					"DEBUG=1",
					"$(inherited)",
				);
				INFOPLIST_FILE = "Table ViewTests/Info.plist";
				LD_RUNPATH_SEARCH_PATHS = "$(inherited) @executable_path/Frameworks @loader_path/Frameworks";
				PRODUCT_NAME = "$(TARGET_NAME)";
				TEST_HOST = "$(BUILT_PRODUCTS_DIR)/Table View.app/Table View";
			};
			name = Debug;
		};
		40EBF7C51A38E78E001B0AC0 /* Release */ = {
			isa = XCBuildConfiguration;
			buildSettings = {
				BUNDLE_LOADER = "$(TEST_HOST)";
				FRAMEWORK_SEARCH_PATHS = (
					"$(SDKROOT)/Developer/Library/Frameworks",
					"$(inherited)",
				);
				INFOPLIST_FILE = "Table ViewTests/Info.plist";
				LD_RUNPATH_SEARCH_PATHS = "$(inherited) @executable_path/Frameworks @loader_path/Frameworks";
				PRODUCT_NAME = "$(TARGET_NAME)";
				TEST_HOST = "$(BUILT_PRODUCTS_DIR)/Table View.app/Table View";
			};
			name = Release;
		};
/* End XCBuildConfiguration section */

/* Begin XCConfigurationList section */
		40EBF79C1A38E78E001B0AC0 /* Build configuration list for PBXProject "Table View" */ = {
			isa = XCConfigurationList;
			buildConfigurations = (
				40EBF7BE1A38E78E001B0AC0 /* Debug */,
				40EBF7BF1A38E78E001B0AC0 /* Release */,
			);
			defaultConfigurationIsVisible = 0;
			defaultConfigurationName = Release;
		};
		40EBF7C01A38E78E001B0AC0 /* Build configuration list for PBXNativeTarget "Table View" */ = {
			isa = XCConfigurationList;
			buildConfigurations = (
				40EBF7C11A38E78E001B0AC0 /* Debug */,
				40EBF7C21A38E78E001B0AC0 /* Release */,
			);
			defaultConfigurationIsVisible = 0;
		};
		40EBF7C31A38E78E001B0AC0 /* Build configuration list for PBXNativeTarget "Table ViewTests" */ = {
			isa = XCConfigurationList;
			buildConfigurations = (
				40EBF7C41A38E78E001B0AC0 /* Debug */,
				40EBF7C51A38E78E001B0AC0 /* Release */,
			);
			defaultConfigurationIsVisible = 0;
		};
/* End XCConfigurationList section */
	};
	rootObject = 40EBF7991A38E78E001B0AC0 /* Project object */;
}
