// !$*UTF8*$!
{
	archiveVersion = 1;
	classes = {
	};
	objectVersion = 46;
	objects = {

/* Begin PBXBuildFile section */
		40CE140B1A44C7ED003A939F /* AppDelegate.swift in Sources */ = {isa = PBXBuildFile; fileRef = 40CE140A1A44C7ED003A939F /* AppDelegate.swift */; };
		40CE140D1A44C7ED003A939F /* ViewController.swift in Sources */ = {isa = PBXBuildFile; fileRef = 40CE140C1A44C7ED003A939F /* ViewController.swift */; };
		40CE14101A44C7ED003A939F /* Main.storyboard in Resources */ = {isa = PBXBuildFile; fileRef = 40CE140E1A44C7ED003A939F /* Main.storyboard */; };
		40CE14121A44C7ED003A939F /* Images.xcassets in Resources */ = {isa = PBXBuildFile; fileRef = 40CE14111A44C7ED003A939F /* Images.xcassets */; };
		40CE14151A44C7ED003A939F /* LaunchScreen.xib in Resources */ = {isa = PBXBuildFile; fileRef = 40CE14131A44C7ED003A939F /* LaunchScreen.xib */; };
		40CE14211A44C7ED003A939F /* What_s_the_WeatherTests.swift in Sources */ = {isa = PBXBuildFile; fileRef = 40CE14201A44C7ED003A939F /* What_s_the_WeatherTests.swift */; };
		40CE142B1A44C986003A939F /* backgroud.png in Resources */ = {isa = PBXBuildFile; fileRef = 40CE142A1A44C986003A939F /* backgroud.png */; };
/* End PBXBuildFile section */

/* Begin PBXContainerItemProxy section */
		40CE141B1A44C7ED003A939F /* PBXContainerItemProxy */ = {
			isa = PBXContainerItemProxy;
			containerPortal = 40CE13FD1A44C7ED003A939F /* Project object */;
			proxyType = 1;
			remoteGlobalIDString = 40CE14041A44C7ED003A939F;
			remoteInfo = "What's the Weather";
		};
/* End PBXContainerItemProxy section */

/* Begin PBXFileReference section */
		40CE14051A44C7ED003A939F /* What's the Weather.app */ = {isa = PBXFileReference; explicitFileType = wrapper.application; includeInIndex = 0; path = "What's the Weather.app"; sourceTree = BUILT_PRODUCTS_DIR; };
		40CE14091A44C7ED003A939F /* Info.plist */ = {isa = PBXFileReference; lastKnownFileType = text.plist.xml; path = Info.plist; sourceTree = "<group>"; };
		40CE140A1A44C7ED003A939F /* AppDelegate.swift */ = {isa = PBXFileReference; lastKnownFileType = sourcecode.swift; path = AppDelegate.swift; sourceTree = "<group>"; };
		40CE140C1A44C7ED003A939F /* ViewController.swift */ = {isa = PBXFileReference; lastKnownFileType = sourcecode.swift; path = ViewController.swift; sourceTree = "<group>"; };
		40CE140F1A44C7ED003A939F /* Base */ = {isa = PBXFileReference; lastKnownFileType = file.storyboard; name = Base; path = Base.lproj/Main.storyboard; sourceTree = "<group>"; };
		40CE14111A44C7ED003A939F /* Images.xcassets */ = {isa = PBXFileReference; lastKnownFileType = folder.assetcatalog; path = Images.xcassets; sourceTree = "<group>"; };
		40CE14141A44C7ED003A939F /* Base */ = {isa = PBXFileReference; lastKnownFileType = file.xib; name = Base; path = Base.lproj/LaunchScreen.xib; sourceTree = "<group>"; };
		40CE141A1A44C7ED003A939F /* What's the WeatherTests.xctest */ = {isa = PBXFileReference; explicitFileType = wrapper.cfbundle; includeInIndex = 0; path = "What's the WeatherTests.xctest"; sourceTree = BUILT_PRODUCTS_DIR; };
		40CE141F1A44C7ED003A939F /* Info.plist */ = {isa = PBXFileReference; lastKnownFileType = text.plist.xml; path = Info.plist; sourceTree = "<group>"; };
		40CE14201A44C7ED003A939F /* What_s_the_WeatherTests.swift */ = {isa = PBXFileReference; lastKnownFileType = sourcecode.swift; path = What_s_the_WeatherTests.swift; sourceTree = "<group>"; };
		40CE142A1A44C986003A939F /* backgroud.png */ = {isa = PBXFileReference; lastKnownFileType = image.png; path = backgroud.png; sourceTree = "<group>"; };
/* End PBXFileReference section */

/* Begin PBXFrameworksBuildPhase section */
		40CE14021A44C7ED003A939F /* Frameworks */ = {
			isa = PBXFrameworksBuildPhase;
			buildActionMask = 2147483647;
			files = (
			);
			runOnlyForDeploymentPostprocessing = 0;
		};
		40CE14171A44C7ED003A939F /* Frameworks */ = {
			isa = PBXFrameworksBuildPhase;
			buildActionMask = 2147483647;
			files = (
			);
			runOnlyForDeploymentPostprocessing = 0;
		};
/* End PBXFrameworksBuildPhase section */

/* Begin PBXGroup section */
		40CE13FC1A44C7ED003A939F = {
			isa = PBXGroup;
			children = (
				40CE14071A44C7ED003A939F /* What's the Weather */,
				40CE141D1A44C7ED003A939F /* What's the WeatherTests */,
				40CE14061A44C7ED003A939F /* Products */,
			);
			sourceTree = "<group>";
		};
		40CE14061A44C7ED003A939F /* Products */ = {
			isa = PBXGroup;
			children = (
				40CE14051A44C7ED003A939F /* What's the Weather.app */,
				40CE141A1A44C7ED003A939F /* What's the WeatherTests.xctest */,
			);
			name = Products;
			sourceTree = "<group>";
		};
		40CE14071A44C7ED003A939F /* What's the Weather */ = {
			isa = PBXGroup;
			children = (
				40CE140A1A44C7ED003A939F /* AppDelegate.swift */,
				40CE140C1A44C7ED003A939F /* ViewController.swift */,
				40CE140E1A44C7ED003A939F /* Main.storyboard */,
				40CE142A1A44C986003A939F /* backgroud.png */,
				40CE14111A44C7ED003A939F /* Images.xcassets */,
				40CE14131A44C7ED003A939F /* LaunchScreen.xib */,
				40CE14081A44C7ED003A939F /* Supporting Files */,
			);
			path = "What's the Weather";
			sourceTree = "<group>";
		};
		40CE14081A44C7ED003A939F /* Supporting Files */ = {
			isa = PBXGroup;
			children = (
				40CE14091A44C7ED003A939F /* Info.plist */,
			);
			name = "Supporting Files";
			sourceTree = "<group>";
		};
		40CE141D1A44C7ED003A939F /* What's the WeatherTests */ = {
			isa = PBXGroup;
			children = (
				40CE14201A44C7ED003A939F /* What_s_the_WeatherTests.swift */,
				40CE141E1A44C7ED003A939F /* Supporting Files */,
			);
			path = "What's the WeatherTests";
			sourceTree = "<group>";
		};
		40CE141E1A44C7ED003A939F /* Supporting Files */ = {
			isa = PBXGroup;
			children = (
				40CE141F1A44C7ED003A939F /* Info.plist */,
			);
			name = "Supporting Files";
			sourceTree = "<group>";
		};
/* End PBXGroup section */

/* Begin PBXNativeTarget section */
		40CE14041A44C7ED003A939F /* What's the Weather */ = {
			isa = PBXNativeTarget;
			buildConfigurationList = 40CE14241A44C7ED003A939F /* Build configuration list for PBXNativeTarget "What's the Weather" */;
			buildPhases = (
				40CE14011A44C7ED003A939F /* Sources */,
				40CE14021A44C7ED003A939F /* Frameworks */,
				40CE14031A44C7ED003A939F /* Resources */,
			);
			buildRules = (
			);
			dependencies = (
			);
			name = "What's the Weather";
			productName = "What's the Weather";
			productReference = 40CE14051A44C7ED003A939F /* What's the Weather.app */;
			productType = "com.apple.product-type.application";
		};
		40CE14191A44C7ED003A939F /* What's the WeatherTests */ = {
			isa = PBXNativeTarget;
			buildConfigurationList = 40CE14271A44C7ED003A939F /* Build configuration list for PBXNativeTarget "What's the WeatherTests" */;
			buildPhases = (
				40CE14161A44C7ED003A939F /* Sources */,
				40CE14171A44C7ED003A939F /* Frameworks */,
				40CE14181A44C7ED003A939F /* Resources */,
			);
			buildRules = (
			);
			dependencies = (
				40CE141C1A44C7ED003A939F /* PBXTargetDependency */,
			);
			name = "What's the WeatherTests";
			productName = "What's the WeatherTests";
			productReference = 40CE141A1A44C7ED003A939F /* What's the WeatherTests.xctest */;
			productType = "com.apple.product-type.bundle.unit-test";
		};
/* End PBXNativeTarget section */

/* Begin PBXProject section */
		40CE13FD1A44C7ED003A939F /* Project object */ = {
			isa = PBXProject;
			attributes = {
				LastUpgradeCheck = 0610;
				ORGANIZATIONNAME = "Gökhan ACER";
				TargetAttributes = {
					40CE14041A44C7ED003A939F = {
						CreatedOnToolsVersion = 6.1.1;
					};
					40CE14191A44C7ED003A939F = {
						CreatedOnToolsVersion = 6.1.1;
						TestTargetID = 40CE14041A44C7ED003A939F;
					};
				};
			};
			buildConfigurationList = 40CE14001A44C7ED003A939F /* Build configuration list for PBXProject "What's the Weather" */;
			compatibilityVersion = "Xcode 3.2";
			developmentRegion = English;
			hasScannedForEncodings = 0;
			knownRegions = (
				en,
				Base,
			);
			mainGroup = 40CE13FC1A44C7ED003A939F;
			productRefGroup = 40CE14061A44C7ED003A939F /* Products */;
			projectDirPath = "";
			projectRoot = "";
			targets = (
				40CE14041A44C7ED003A939F /* What's the Weather */,
				40CE14191A44C7ED003A939F /* What's the WeatherTests */,
			);
		};
/* End PBXProject section */

/* Begin PBXResourcesBuildPhase section */
		40CE14031A44C7ED003A939F /* Resources */ = {
			isa = PBXResourcesBuildPhase;
			buildActionMask = 2147483647;
			files = (
				40CE14101A44C7ED003A939F /* Main.storyboard in Resources */,
				40CE14151A44C7ED003A939F /* LaunchScreen.xib in Resources */,
				40CE142B1A44C986003A939F /* backgroud.png in Resources */,
				40CE14121A44C7ED003A939F /* Images.xcassets in Resources */,
			);
			runOnlyForDeploymentPostprocessing = 0;
		};
		40CE14181A44C7ED003A939F /* Resources */ = {
			isa = PBXResourcesBuildPhase;
			buildActionMask = 2147483647;
			files = (
			);
			runOnlyForDeploymentPostprocessing = 0;
		};
/* End PBXResourcesBuildPhase section */

/* Begin PBXSourcesBuildPhase section */
		40CE14011A44C7ED003A939F /* Sources */ = {
			isa = PBXSourcesBuildPhase;
			buildActionMask = 2147483647;
			files = (
				40CE140D1A44C7ED003A939F /* ViewController.swift in Sources */,
				40CE140B1A44C7ED003A939F /* AppDelegate.swift in Sources */,
			);
			runOnlyForDeploymentPostprocessing = 0;
		};
		40CE14161A44C7ED003A939F /* Sources */ = {
			isa = PBXSourcesBuildPhase;
			buildActionMask = 2147483647;
			files = (
				40CE14211A44C7ED003A939F /* What_s_the_WeatherTests.swift in Sources */,
			);
			runOnlyForDeploymentPostprocessing = 0;
		};
/* End PBXSourcesBuildPhase section */

/* Begin PBXTargetDependency section */
		40CE141C1A44C7ED003A939F /* PBXTargetDependency */ = {
			isa = PBXTargetDependency;
			target = 40CE14041A44C7ED003A939F /* What's the Weather */;
			targetProxy = 40CE141B1A44C7ED003A939F /* PBXContainerItemProxy */;
		};
/* End PBXTargetDependency section */

/* Begin PBXVariantGroup section */
		40CE140E1A44C7ED003A939F /* Main.storyboard */ = {
			isa = PBXVariantGroup;
			children = (
				40CE140F1A44C7ED003A939F /* Base */,
			);
			name = Main.storyboard;
			sourceTree = "<group>";
		};
		40CE14131A44C7ED003A939F /* LaunchScreen.xib */ = {
			isa = PBXVariantGroup;
			children = (
				40CE14141A44C7ED003A939F /* Base */,
			);
			name = LaunchScreen.xib;
			sourceTree = "<group>";
		};
/* End PBXVariantGroup section */

/* Begin XCBuildConfiguration section */
		40CE14221A44C7ED003A939F /* Debug */ = {
			isa = XCBuildConfiguration;
			buildSettings = {
				ALWAYS_SEARCH_USER_PATHS = NO;
				CLANG_CXX_LANGUAGE_STANDARD = "gnu++0x";
				CLANG_CXX_LIBRARY = "libc++";
				CLANG_ENABLE_MODULES = YES;
				CLANG_ENABLE_OBJC_ARC = YES;
				CLANG_WARN_BOOL_CONVERSION = YES;
				CLANG_WARN_CONSTANT_CONVERSION = YES;
				CLANG_WARN_DIRECT_OBJC_ISA_USAGE = YES_ERROR;
				CLANG_WARN_EMPTY_BODY = YES;
				CLANG_WARN_ENUM_CONVERSION = YES;
				CLANG_WARN_INT_CONVERSION = YES;
				CLANG_WARN_OBJC_ROOT_CLASS = YES_ERROR;
				CLANG_WARN_UNREACHABLE_CODE = YES;
				CLANG_WARN__DUPLICATE_METHOD_MATCH = YES;
				"CODE_SIGN_IDENTITY[sdk=iphoneos*]" = "iPhone Developer";
				COPY_PHASE_STRIP = NO;
				ENABLE_STRICT_OBJC_MSGSEND = YES;
				GCC_C_LANGUAGE_STANDARD = gnu99;
				GCC_DYNAMIC_NO_PIC = NO;
				GCC_OPTIMIZATION_LEVEL = 0;
				GCC_PREPROCESSOR_DEFINITIONS = (
					"DEBUG=1",
					"$(inherited)",
				);
				GCC_SYMBOLS_PRIVATE_EXTERN = NO;
				GCC_WARN_64_TO_32_BIT_CONVERSION = YES;
				GCC_WARN_ABOUT_RETURN_TYPE = YES_ERROR;
				GCC_WARN_UNDECLARED_SELECTOR = YES;
				GCC_WARN_UNINITIALIZED_AUTOS = YES_AGGRESSIVE;
				GCC_WARN_UNUSED_FUNCTION = YES;
				GCC_WARN_UNUSED_VARIABLE = YES;
				IPHONEOS_DEPLOYMENT_TARGET = 8.1;
				MTL_ENABLE_DEBUG_INFO = YES;
				ONLY_ACTIVE_ARCH = YES;
				SDKROOT = iphoneos;
				SWIFT_OPTIMIZATION_LEVEL = "-Onone";
			};
			name = Debug;
		};
		40CE14231A44C7ED003A939F /* Release */ = {
			isa = XCBuildConfiguration;
			buildSettings = {
				ALWAYS_SEARCH_USER_PATHS = NO;
				CLANG_CXX_LANGUAGE_STANDARD = "gnu++0x";
				CLANG_CXX_LIBRARY = "libc++";
				CLANG_ENABLE_MODULES = YES;
				CLANG_ENABLE_OBJC_ARC = YES;
				CLANG_WARN_BOOL_CONVERSION = YES;
				CLANG_WARN_CONSTANT_CONVERSION = YES;
				CLANG_WARN_DIRECT_OBJC_ISA_USAGE = YES_ERROR;
				CLANG_WARN_EMPTY_BODY = YES;
				CLANG_WARN_ENUM_CONVERSION = YES;
				CLANG_WARN_INT_CONVERSION = YES;
				CLANG_WARN_OBJC_ROOT_CLASS = YES_ERROR;
				CLANG_WARN_UNREACHABLE_CODE = YES;
				CLANG_WARN__DUPLICATE_METHOD_MATCH = YES;
				"CODE_SIGN_IDENTITY[sdk=iphoneos*]" = "iPhone Developer";
				COPY_PHASE_STRIP = YES;
				ENABLE_NS_ASSERTIONS = NO;
				ENABLE_STRICT_OBJC_MSGSEND = YES;
				GCC_C_LANGUAGE_STANDARD = gnu99;
				GCC_WARN_64_TO_32_BIT_CONVERSION = YES;
				GCC_WARN_ABOUT_RETURN_TYPE = YES_ERROR;
				GCC_WARN_UNDECLARED_SELECTOR = YES;
				GCC_WARN_UNINITIALIZED_AUTOS = YES_AGGRESSIVE;
				GCC_WARN_UNUSED_FUNCTION = YES;
				GCC_WARN_UNUSED_VARIABLE = YES;
				IPHONEOS_DEPLOYMENT_TARGET = 8.1;
				MTL_ENABLE_DEBUG_INFO = NO;
				SDKROOT = iphoneos;
				VALIDATE_PRODUCT = YES;
			};
			name = Release;
		};
		40CE14251A44C7ED003A939F /* Debug */ = {
			isa = XCBuildConfiguration;
			buildSettings = {
				ASSETCATALOG_COMPILER_APPICON_NAME = AppIcon;
				INFOPLIST_FILE = "What's the Weather/Info.plist";
				LD_RUNPATH_SEARCH_PATHS = "$(inherited) @executable_path/Frameworks";
				PRODUCT_NAME = "$(TARGET_NAME)";
			};
			name = Debug;
		};
		40CE14261A44C7ED003A939F /* Release */ = {
			isa = XCBuildConfiguration;
			buildSettings = {
				ASSETCATALOG_COMPILER_APPICON_NAME = AppIcon;
				INFOPLIST_FILE = "What's the Weather/Info.plist";
				LD_RUNPATH_SEARCH_PATHS = "$(inherited) @executable_path/Frameworks";
				PRODUCT_NAME = "$(TARGET_NAME)";
			};
			name = Release;
		};
		40CE14281A44C7ED003A939F /* Debug */ = {
			isa = XCBuildConfiguration;
			buildSettings = {
				BUNDLE_LOADER = "$(TEST_HOST)";
				FRAMEWORK_SEARCH_PATHS = (
					"$(SDKROOT)/Developer/Library/Frameworks",
					"$(inherited)",
				);
				GCC_PREPROCESSOR_DEFINITIONS = (
					"DEBUG=1",
					"$(inherited)",
				);
				INFOPLIST_FILE = "What's the WeatherTests/Info.plist";
				LD_RUNPATH_SEARCH_PATHS = "$(inherited) @executable_path/Frameworks @loader_path/Frameworks";
				PRODUCT_NAME = "$(TARGET_NAME)";
				TEST_HOST = "$(BUILT_PRODUCTS_DIR)/What's the Weather.app/What's the Weather";
			};
			name = Debug;
		};
		40CE14291A44C7ED003A939F /* Release */ = {
			isa = XCBuildConfiguration;
			buildSettings = {
				BUNDLE_LOADER = "$(TEST_HOST)";
				FRAMEWORK_SEARCH_PATHS = (
					"$(SDKROOT)/Developer/Library/Frameworks",
					"$(inherited)",
				);
				INFOPLIST_FILE = "What's the WeatherTests/Info.plist";
				LD_RUNPATH_SEARCH_PATHS = "$(inherited) @executable_path/Frameworks @loader_path/Frameworks";
				PRODUCT_NAME = "$(TARGET_NAME)";
				TEST_HOST = "$(BUILT_PRODUCTS_DIR)/What's the Weather.app/What's the Weather";
			};
			name = Release;
		};
/* End XCBuildConfiguration section */

/* Begin XCConfigurationList section */
		40CE14001A44C7ED003A939F /* Build configuration list for PBXProject "What's the Weather" */ = {
			isa = XCConfigurationList;
			buildConfigurations = (
				40CE14221A44C7ED003A939F /* Debug */,
				40CE14231A44C7ED003A939F /* Release */,
			);
			defaultConfigurationIsVisible = 0;
			defaultConfigurationName = Release;
		};
		40CE14241A44C7ED003A939F /* Build configuration list for PBXNativeTarget "What's the Weather" */ = {
			isa = XCConfigurationList;
			buildConfigurations = (
				40CE14251A44C7ED003A939F /* Debug */,
				40CE14261A44C7ED003A939F /* Release */,
			);
			defaultConfigurationIsVisible = 0;
		};
		40CE14271A44C7ED003A939F /* Build configuration list for PBXNativeTarget "What's the WeatherTests" */ = {
			isa = XCConfigurationList;
			buildConfigurations = (
				40CE14281A44C7ED003A939F /* Debug */,
				40CE14291A44C7ED003A939F /* Release */,
			);
			defaultConfigurationIsVisible = 0;
		};
/* End XCConfigurationList section */
	};
	rootObject = 40CE13FD1A44C7ED003A939F /* Project object */;
}
