// !$*UTF8*$!
{
	archiveVersion = 1;
	classes = {
	};
	objectVersion = 46;
	objects = {

/* Begin PBXBuildFile section */
		4077ABF61A4DEB7500A0BE56 /* AppDelegate.swift in Sources */ = {isa = PBXBuildFile; fileRef = 4077ABF51A4DEB7500A0BE56 /* AppDelegate.swift */; };
		4077ABF91A4DEB7500A0BE56 /* Core_Data_Demo.xcdatamodeld in Sources */ = {isa = PBXBuildFile; fileRef = 4077ABF71A4DEB7500A0BE56 /* Core_Data_Demo.xcdatamodeld */; };
		4077ABFB1A4DEB7500A0BE56 /* ViewController.swift in Sources */ = {isa = PBXBuildFile; fileRef = 4077ABFA1A4DEB7500A0BE56 /* ViewController.swift */; };
		4077ABFE1A4DEB7500A0BE56 /* Main.storyboard in Resources */ = {isa = PBXBuildFile; fileRef = 4077ABFC1A4DEB7500A0BE56 /* Main.storyboard */; };
		4077AC001A4DEB7500A0BE56 /* Images.xcassets in Resources */ = {isa = PBXBuildFile; fileRef = 4077ABFF1A4DEB7500A0BE56 /* Images.xcassets */; };
		4077AC031A4DEB7500A0BE56 /* LaunchScreen.xib in Resources */ = {isa = PBXBuildFile; fileRef = 4077AC011A4DEB7500A0BE56 /* LaunchScreen.xib */; };
		4077AC0F1A4DEB7500A0BE56 /* Core_Data_DemoTests.swift in Sources */ = {isa = PBXBuildFile; fileRef = 4077AC0E1A4DEB7500A0BE56 /* Core_Data_DemoTests.swift */; };
		40EE51EB1A65ACAA0064C4F8 /* Sales.swift in Sources */ = {isa = PBXBuildFile; fileRef = 40EE51EA1A65ACAA0064C4F8 /* Sales.swift */; };
		40EE51ED1A65ACAB0064C4F8 /* Contact.swift in Sources */ = {isa = PBXBuildFile; fileRef = 40EE51EC1A65ACAB0064C4F8 /* Contact.swift */; };
		40EE51EF1A65ACAB0064C4F8 /* Users.swift in Sources */ = {isa = PBXBuildFile; fileRef = 40EE51EE1A65ACAB0064C4F8 /* Users.swift */; };
/* End PBXBuildFile section */

/* Begin PBXContainerItemProxy section */
		4077AC091A4DEB7500A0BE56 /* PBXContainerItemProxy */ = {
			isa = PBXContainerItemProxy;
			containerPortal = 4077ABE81A4DEB7500A0BE56 /* Project object */;
			proxyType = 1;
			remoteGlobalIDString = 4077ABEF1A4DEB7500A0BE56;
			remoteInfo = "Core Data Demo";
		};
/* End PBXContainerItemProxy section */

/* Begin PBXFileReference section */
		4077ABF01A4DEB7500A0BE56 /* Core Data Demo.app */ = {isa = PBXFileReference; explicitFileType = wrapper.application; includeInIndex = 0; path = "Core Data Demo.app"; sourceTree = BUILT_PRODUCTS_DIR; };
		4077ABF41A4DEB7500A0BE56 /* Info.plist */ = {isa = PBXFileReference; lastKnownFileType = text.plist.xml; path = Info.plist; sourceTree = "<group>"; };
		4077ABF51A4DEB7500A0BE56 /* AppDelegate.swift */ = {isa = PBXFileReference; lastKnownFileType = sourcecode.swift; path = AppDelegate.swift; sourceTree = "<group>"; };
		4077ABF81A4DEB7500A0BE56 /* Core_Data_Demo.xcdatamodel */ = {isa = PBXFileReference; lastKnownFileType = wrapper.xcdatamodel; path = Core_Data_Demo.xcdatamodel; sourceTree = "<group>"; };
		4077ABFA1A4DEB7500A0BE56 /* ViewController.swift */ = {isa = PBXFileReference; lastKnownFileType = sourcecode.swift; path = ViewController.swift; sourceTree = "<group>"; };
		4077ABFD1A4DEB7500A0BE56 /* Base */ = {isa = PBXFileReference; lastKnownFileType = file.storyboard; name = Base; path = Base.lproj/Main.storyboard; sourceTree = "<group>"; };
		4077ABFF1A4DEB7500A0BE56 /* Images.xcassets */ = {isa = PBXFileReference; lastKnownFileType = folder.assetcatalog; path = Images.xcassets; sourceTree = "<group>"; };
		4077AC021A4DEB7500A0BE56 /* Base */ = {isa = PBXFileReference; lastKnownFileType = file.xib; name = Base; path = Base.lproj/LaunchScreen.xib; sourceTree = "<group>"; };
		4077AC081A4DEB7500A0BE56 /* Core Data DemoTests.xctest */ = {isa = PBXFileReference; explicitFileType = wrapper.cfbundle; includeInIndex = 0; path = "Core Data DemoTests.xctest"; sourceTree = BUILT_PRODUCTS_DIR; };
		4077AC0D1A4DEB7500A0BE56 /* Info.plist */ = {isa = PBXFileReference; lastKnownFileType = text.plist.xml; path = Info.plist; sourceTree = "<group>"; };
		4077AC0E1A4DEB7500A0BE56 /* Core_Data_DemoTests.swift */ = {isa = PBXFileReference; lastKnownFileType = sourcecode.swift; path = Core_Data_DemoTests.swift; sourceTree = "<group>"; };
		40EE51EA1A65ACAA0064C4F8 /* Sales.swift */ = {isa = PBXFileReference; fileEncoding = 4; lastKnownFileType = sourcecode.swift; name = Sales.swift; path = Entities/Sales.swift; sourceTree = "<group>"; };
		40EE51EC1A65ACAB0064C4F8 /* Contact.swift */ = {isa = PBXFileReference; fileEncoding = 4; lastKnownFileType = sourcecode.swift; name = Contact.swift; path = Entities/Contact.swift; sourceTree = "<group>"; };
		40EE51EE1A65ACAB0064C4F8 /* Users.swift */ = {isa = PBXFileReference; fileEncoding = 4; lastKnownFileType = sourcecode.swift; name = Users.swift; path = Entities/Users.swift; sourceTree = "<group>"; };
/* End PBXFileReference section */

/* Begin PBXFrameworksBuildPhase section */
		4077ABED1A4DEB7500A0BE56 /* Frameworks */ = {
			isa = PBXFrameworksBuildPhase;
			buildActionMask = 2147483647;
			files = (
			);
			runOnlyForDeploymentPostprocessing = 0;
		};
		4077AC051A4DEB7500A0BE56 /* Frameworks */ = {
			isa = PBXFrameworksBuildPhase;
			buildActionMask = 2147483647;
			files = (
			);
			runOnlyForDeploymentPostprocessing = 0;
		};
/* End PBXFrameworksBuildPhase section */

/* Begin PBXGroup section */
		4077ABE71A4DEB7500A0BE56 = {
			isa = PBXGroup;
			children = (
				40EE51EE1A65ACAB0064C4F8 /* Users.swift */,
				40EE51EC1A65ACAB0064C4F8 /* Contact.swift */,
				40EE51EA1A65ACAA0064C4F8 /* Sales.swift */,
				4077ABF21A4DEB7500A0BE56 /* Core Data Demo */,
				4077AC0B1A4DEB7500A0BE56 /* Core Data DemoTests */,
				4077ABF11A4DEB7500A0BE56 /* Products */,
			);
			sourceTree = "<group>";
		};
		4077ABF11A4DEB7500A0BE56 /* Products */ = {
			isa = PBXGroup;
			children = (
				4077ABF01A4DEB7500A0BE56 /* Core Data Demo.app */,
				4077AC081A4DEB7500A0BE56 /* Core Data DemoTests.xctest */,
			);
			name = Products;
			sourceTree = "<group>";
		};
		4077ABF21A4DEB7500A0BE56 /* Core Data Demo */ = {
			isa = PBXGroup;
			children = (
				4077ABF51A4DEB7500A0BE56 /* AppDelegate.swift */,
				4077ABFA1A4DEB7500A0BE56 /* ViewController.swift */,
				4077ABFC1A4DEB7500A0BE56 /* Main.storyboard */,
				4077ABFF1A4DEB7500A0BE56 /* Images.xcassets */,
				4077AC011A4DEB7500A0BE56 /* LaunchScreen.xib */,
				4077ABF71A4DEB7500A0BE56 /* Core_Data_Demo.xcdatamodeld */,
				4077ABF31A4DEB7500A0BE56 /* Supporting Files */,
			);
			path = "Core Data Demo";
			sourceTree = "<group>";
		};
		4077ABF31A4DEB7500A0BE56 /* Supporting Files */ = {
			isa = PBXGroup;
			children = (
				4077ABF41A4DEB7500A0BE56 /* Info.plist */,
			);
			name = "Supporting Files";
			sourceTree = "<group>";
		};
		4077AC0B1A4DEB7500A0BE56 /* Core Data DemoTests */ = {
			isa = PBXGroup;
			children = (
				4077AC0E1A4DEB7500A0BE56 /* Core_Data_DemoTests.swift */,
				4077AC0C1A4DEB7500A0BE56 /* Supporting Files */,
			);
			path = "Core Data DemoTests";
			sourceTree = "<group>";
		};
		4077AC0C1A4DEB7500A0BE56 /* Supporting Files */ = {
			isa = PBXGroup;
			children = (
				4077AC0D1A4DEB7500A0BE56 /* Info.plist */,
			);
			name = "Supporting Files";
			sourceTree = "<group>";
		};
/* End PBXGroup section */

/* Begin PBXNativeTarget section */
		4077ABEF1A4DEB7500A0BE56 /* Core Data Demo */ = {
			isa = PBXNativeTarget;
			buildConfigurationList = 4077AC121A4DEB7500A0BE56 /* Build configuration list for PBXNativeTarget "Core Data Demo" */;
			buildPhases = (
				4077ABEC1A4DEB7500A0BE56 /* Sources */,
				4077ABED1A4DEB7500A0BE56 /* Frameworks */,
				4077ABEE1A4DEB7500A0BE56 /* Resources */,
			);
			buildRules = (
			);
			dependencies = (
			);
			name = "Core Data Demo";
			productName = "Core Data Demo";
			productReference = 4077ABF01A4DEB7500A0BE56 /* Core Data Demo.app */;
			productType = "com.apple.product-type.application";
		};
		4077AC071A4DEB7500A0BE56 /* Core Data DemoTests */ = {
			isa = PBXNativeTarget;
			buildConfigurationList = 4077AC151A4DEB7500A0BE56 /* Build configuration list for PBXNativeTarget "Core Data DemoTests" */;
			buildPhases = (
				4077AC041A4DEB7500A0BE56 /* Sources */,
				4077AC051A4DEB7500A0BE56 /* Frameworks */,
				4077AC061A4DEB7500A0BE56 /* Resources */,
			);
			buildRules = (
			);
			dependencies = (
				4077AC0A1A4DEB7500A0BE56 /* PBXTargetDependency */,
			);
			name = "Core Data DemoTests";
			productName = "Core Data DemoTests";
			productReference = 4077AC081A4DEB7500A0BE56 /* Core Data DemoTests.xctest */;
			productType = "com.apple.product-type.bundle.unit-test";
		};
/* End PBXNativeTarget section */

/* Begin PBXProject section */
		4077ABE81A4DEB7500A0BE56 /* Project object */ = {
			isa = PBXProject;
			attributes = {
				LastUpgradeCheck = 0610;
				ORGANIZATIONNAME = "Gökhan ACER";
				TargetAttributes = {
					4077ABEF1A4DEB7500A0BE56 = {
						CreatedOnToolsVersion = 6.1.1;
					};
					4077AC071A4DEB7500A0BE56 = {
						CreatedOnToolsVersion = 6.1.1;
						TestTargetID = 4077ABEF1A4DEB7500A0BE56;
					};
				};
			};
			buildConfigurationList = 4077ABEB1A4DEB7500A0BE56 /* Build configuration list for PBXProject "Core Data Demo" */;
			compatibilityVersion = "Xcode 3.2";
			developmentRegion = English;
			hasScannedForEncodings = 0;
			knownRegions = (
				en,
				Base,
			);
			mainGroup = 4077ABE71A4DEB7500A0BE56;
			productRefGroup = 4077ABF11A4DEB7500A0BE56 /* Products */;
			projectDirPath = "";
			projectRoot = "";
			targets = (
				4077ABEF1A4DEB7500A0BE56 /* Core Data Demo */,
				4077AC071A4DEB7500A0BE56 /* Core Data DemoTests */,
			);
		};
/* End PBXProject section */

/* Begin PBXResourcesBuildPhase section */
		4077ABEE1A4DEB7500A0BE56 /* Resources */ = {
			isa = PBXResourcesBuildPhase;
			buildActionMask = 2147483647;
			files = (
				4077ABFE1A4DEB7500A0BE56 /* Main.storyboard in Resources */,
				4077AC031A4DEB7500A0BE56 /* LaunchScreen.xib in Resources */,
				4077AC001A4DEB7500A0BE56 /* Images.xcassets in Resources */,
			);
			runOnlyForDeploymentPostprocessing = 0;
		};
		4077AC061A4DEB7500A0BE56 /* Resources */ = {
			isa = PBXResourcesBuildPhase;
			buildActionMask = 2147483647;
			files = (
			);
			runOnlyForDeploymentPostprocessing = 0;
		};
/* End PBXResourcesBuildPhase section */

/* Begin PBXSourcesBuildPhase section */
		4077ABEC1A4DEB7500A0BE56 /* Sources */ = {
			isa = PBXSourcesBuildPhase;
			buildActionMask = 2147483647;
			files = (
				4077ABFB1A4DEB7500A0BE56 /* ViewController.swift in Sources */,
				4077ABF61A4DEB7500A0BE56 /* AppDelegate.swift in Sources */,
				40EE51ED1A65ACAB0064C4F8 /* Contact.swift in Sources */,
				40EE51EB1A65ACAA0064C4F8 /* Sales.swift in Sources */,
				40EE51EF1A65ACAB0064C4F8 /* Users.swift in Sources */,
				4077ABF91A4DEB7500A0BE56 /* Core_Data_Demo.xcdatamodeld in Sources */,
			);
			runOnlyForDeploymentPostprocessing = 0;
		};
		4077AC041A4DEB7500A0BE56 /* Sources */ = {
			isa = PBXSourcesBuildPhase;
			buildActionMask = 2147483647;
			files = (
				4077AC0F1A4DEB7500A0BE56 /* Core_Data_DemoTests.swift in Sources */,
			);
			runOnlyForDeploymentPostprocessing = 0;
		};
/* End PBXSourcesBuildPhase section */

/* Begin PBXTargetDependency section */
		4077AC0A1A4DEB7500A0BE56 /* PBXTargetDependency */ = {
			isa = PBXTargetDependency;
			target = 4077ABEF1A4DEB7500A0BE56 /* Core Data Demo */;
			targetProxy = 4077AC091A4DEB7500A0BE56 /* PBXContainerItemProxy */;
		};
/* End PBXTargetDependency section */

/* Begin PBXVariantGroup section */
		4077ABFC1A4DEB7500A0BE56 /* Main.storyboard */ = {
			isa = PBXVariantGroup;
			children = (
				4077ABFD1A4DEB7500A0BE56 /* Base */,
			);
			name = Main.storyboard;
			sourceTree = "<group>";
		};
		4077AC011A4DEB7500A0BE56 /* LaunchScreen.xib */ = {
			isa = PBXVariantGroup;
			children = (
				4077AC021A4DEB7500A0BE56 /* Base */,
			);
			name = LaunchScreen.xib;
			sourceTree = "<group>";
		};
/* End PBXVariantGroup section */

/* Begin XCBuildConfiguration section */
		4077AC101A4DEB7500A0BE56 /* Debug */ = {
			isa = XCBuildConfiguration;
			buildSettings = {
				ALWAYS_SEARCH_USER_PATHS = NO;
				CLANG_CXX_LANGUAGE_STANDARD = "gnu++0x";
				CLANG_CXX_LIBRARY = "libc++";
				CLANG_ENABLE_MODULES = YES;
				CLANG_ENABLE_OBJC_ARC = YES;
				CLANG_WARN_BOOL_CONVERSION = YES;
				CLANG_WARN_CONSTANT_CONVERSION = YES;
				CLANG_WARN_DIRECT_OBJC_ISA_USAGE = YES_ERROR;
				CLANG_WARN_EMPTY_BODY = YES;
				CLANG_WARN_ENUM_CONVERSION = YES;
				CLANG_WARN_INT_CONVERSION = YES;
				CLANG_WARN_OBJC_ROOT_CLASS = YES_ERROR;
				CLANG_WARN_UNREACHABLE_CODE = YES;
				CLANG_WARN__DUPLICATE_METHOD_MATCH = YES;
				"CODE_SIGN_IDENTITY[sdk=iphoneos*]" = "iPhone Developer";
				COPY_PHASE_STRIP = NO;
				ENABLE_STRICT_OBJC_MSGSEND = YES;
				GCC_C_LANGUAGE_STANDARD = gnu99;
				GCC_DYNAMIC_NO_PIC = NO;
				GCC_OPTIMIZATION_LEVEL = 0;
				GCC_PREPROCESSOR_DEFINITIONS = (
					"DEBUG=1",
					"$(inherited)",
				);
				GCC_SYMBOLS_PRIVATE_EXTERN = NO;
				GCC_WARN_64_TO_32_BIT_CONVERSION = YES;
				GCC_WARN_ABOUT_RETURN_TYPE = YES_ERROR;
				GCC_WARN_UNDECLARED_SELECTOR = YES;
				GCC_WARN_UNINITIALIZED_AUTOS = YES_AGGRESSIVE;
				GCC_WARN_UNUSED_FUNCTION = YES;
				GCC_WARN_UNUSED_VARIABLE = YES;
				IPHONEOS_DEPLOYMENT_TARGET = 8.1;
				MTL_ENABLE_DEBUG_INFO = YES;
				ONLY_ACTIVE_ARCH = YES;
				SDKROOT = iphoneos;
				SWIFT_OPTIMIZATION_LEVEL = "-Onone";
			};
			name = Debug;
		};
		4077AC111A4DEB7500A0BE56 /* Release */ = {
			isa = XCBuildConfiguration;
			buildSettings = {
				ALWAYS_SEARCH_USER_PATHS = NO;
				CLANG_CXX_LANGUAGE_STANDARD = "gnu++0x";
				CLANG_CXX_LIBRARY = "libc++";
				CLANG_ENABLE_MODULES = YES;
				CLANG_ENABLE_OBJC_ARC = YES;
				CLANG_WARN_BOOL_CONVERSION = YES;
				CLANG_WARN_CONSTANT_CONVERSION = YES;
				CLANG_WARN_DIRECT_OBJC_ISA_USAGE = YES_ERROR;
				CLANG_WARN_EMPTY_BODY = YES;
				CLANG_WARN_ENUM_CONVERSION = YES;
				CLANG_WARN_INT_CONVERSION = YES;
				CLANG_WARN_OBJC_ROOT_CLASS = YES_ERROR;
				CLANG_WARN_UNREACHABLE_CODE = YES;
				CLANG_WARN__DUPLICATE_METHOD_MATCH = YES;
				"CODE_SIGN_IDENTITY[sdk=iphoneos*]" = "iPhone Developer";
				COPY_PHASE_STRIP = YES;
				ENABLE_NS_ASSERTIONS = NO;
				ENABLE_STRICT_OBJC_MSGSEND = YES;
				GCC_C_LANGUAGE_STANDARD = gnu99;
				GCC_WARN_64_TO_32_BIT_CONVERSION = YES;
				GCC_WARN_ABOUT_RETURN_TYPE = YES_ERROR;
				GCC_WARN_UNDECLARED_SELECTOR = YES;
				GCC_WARN_UNINITIALIZED_AUTOS = YES_AGGRESSIVE;
				GCC_WARN_UNUSED_FUNCTION = YES;
				GCC_WARN_UNUSED_VARIABLE = YES;
				IPHONEOS_DEPLOYMENT_TARGET = 8.1;
				MTL_ENABLE_DEBUG_INFO = NO;
				SDKROOT = iphoneos;
				VALIDATE_PRODUCT = YES;
			};
			name = Release;
		};
		4077AC131A4DEB7500A0BE56 /* Debug */ = {
			isa = XCBuildConfiguration;
			buildSettings = {
				ASSETCATALOG_COMPILER_APPICON_NAME = AppIcon;
				CLANG_ENABLE_MODULES = YES;
				INFOPLIST_FILE = "Core Data Demo/Info.plist";
				LD_RUNPATH_SEARCH_PATHS = "$(inherited) @executable_path/Frameworks";
				PRODUCT_NAME = "$(TARGET_NAME)";
				SWIFT_OPTIMIZATION_LEVEL = "-Onone";
			};
			name = Debug;
		};
		4077AC141A4DEB7500A0BE56 /* Release */ = {
			isa = XCBuildConfiguration;
			buildSettings = {
				ASSETCATALOG_COMPILER_APPICON_NAME = AppIcon;
				CLANG_ENABLE_MODULES = YES;
				INFOPLIST_FILE = "Core Data Demo/Info.plist";
				LD_RUNPATH_SEARCH_PATHS = "$(inherited) @executable_path/Frameworks";
				PRODUCT_NAME = "$(TARGET_NAME)";
			};
			name = Release;
		};
		4077AC161A4DEB7500A0BE56 /* Debug */ = {
			isa = XCBuildConfiguration;
			buildSettings = {
				BUNDLE_LOADER = "$(TEST_HOST)";
				FRAMEWORK_SEARCH_PATHS = (
					"$(SDKROOT)/Developer/Library/Frameworks",
					"$(inherited)",
				);
				GCC_PREPROCESSOR_DEFINITIONS = (
					"DEBUG=1",
					"$(inherited)",
				);
				INFOPLIST_FILE = "Core Data DemoTests/Info.plist";
				LD_RUNPATH_SEARCH_PATHS = "$(inherited) @executable_path/Frameworks @loader_path/Frameworks";
				PRODUCT_NAME = "$(TARGET_NAME)";
				TEST_HOST = "$(BUILT_PRODUCTS_DIR)/Core Data Demo.app/Core Data Demo";
			};
			name = Debug;
		};
		4077AC171A4DEB7500A0BE56 /* Release */ = {
			isa = XCBuildConfiguration;
			buildSettings = {
				BUNDLE_LOADER = "$(TEST_HOST)";
				FRAMEWORK_SEARCH_PATHS = (
					"$(SDKROOT)/Developer/Library/Frameworks",
					"$(inherited)",
				);
				INFOPLIST_FILE = "Core Data DemoTests/Info.plist";
				LD_RUNPATH_SEARCH_PATHS = "$(inherited) @executable_path/Frameworks @loader_path/Frameworks";
				PRODUCT_NAME = "$(TARGET_NAME)";
				TEST_HOST = "$(BUILT_PRODUCTS_DIR)/Core Data Demo.app/Core Data Demo";
			};
			name = Release;
		};
/* End XCBuildConfiguration section */

/* Begin XCConfigurationList section */
		4077ABEB1A4DEB7500A0BE56 /* Build configuration list for PBXProject "Core Data Demo" */ = {
			isa = XCConfigurationList;
			buildConfigurations = (
				4077AC101A4DEB7500A0BE56 /* Debug */,
				4077AC111A4DEB7500A0BE56 /* Release */,
			);
			defaultConfigurationIsVisible = 0;
			defaultConfigurationName = Release;
		};
		4077AC121A4DEB7500A0BE56 /* Build configuration list for PBXNativeTarget "Core Data Demo" */ = {
			isa = XCConfigurationList;
			buildConfigurations = (
				4077AC131A4DEB7500A0BE56 /* Debug */,
				4077AC141A4DEB7500A0BE56 /* Release */,
			);
			defaultConfigurationIsVisible = 0;
			defaultConfigurationName = Release;
		};
		4077AC151A4DEB7500A0BE56 /* Build configuration list for PBXNativeTarget "Core Data DemoTests" */ = {
			isa = XCConfigurationList;
			buildConfigurations = (
				4077AC161A4DEB7500A0BE56 /* Debug */,
				4077AC171A4DEB7500A0BE56 /* Release */,
			);
			defaultConfigurationIsVisible = 0;
			defaultConfigurationName = Release;
		};
/* End XCConfigurationList section */

/* Begin XCVersionGroup section */
		4077ABF71A4DEB7500A0BE56 /* Core_Data_Demo.xcdatamodeld */ = {
			isa = XCVersionGroup;
			children = (
				4077ABF81A4DEB7500A0BE56 /* Core_Data_Demo.xcdatamodel */,
			);
			currentVersion = 4077ABF81A4DEB7500A0BE56 /* Core_Data_Demo.xcdatamodel */;
			path = Core_Data_Demo.xcdatamodeld;
			sourceTree = "<group>";
			versionGroupType = wrapper.xcdatamodel;
		};
/* End XCVersionGroup section */
	};
	rootObject = 4077ABE81A4DEB7500A0BE56 /* Project object */;
}
