// !$*UTF8*$!
{
	archiveVersion = 1;
	classes = {
	};
	objectVersion = 46;
	objects = {

/* Begin PBXBuildFile section */
		4066A8041A3C95840065E422 /* AppDelegate.swift in Sources */ = {isa = PBXBuildFile; fileRef = 4066A8031A3C95840065E422 /* AppDelegate.swift */; };
		4066A8061A3C95840065E422 /* ViewController.swift in Sources */ = {isa = PBXBuildFile; fileRef = 4066A8051A3C95840065E422 /* ViewController.swift */; };
		4066A8091A3C95840065E422 /* Main.storyboard in Resources */ = {isa = PBXBuildFile; fileRef = 4066A8071A3C95840065E422 /* Main.storyboard */; };
		4066A80B1A3C95840065E422 /* Images.xcassets in Resources */ = {isa = PBXBuildFile; fileRef = 4066A80A1A3C95840065E422 /* Images.xcassets */; };
		4066A80E1A3C95840065E422 /* LaunchScreen.xib in Resources */ = {isa = PBXBuildFile; fileRef = 4066A80C1A3C95840065E422 /* LaunchScreen.xib */; };
		4066A81A1A3C95840065E422 /* Manage_to_KeyboardTests.swift in Sources */ = {isa = PBXBuildFile; fileRef = 4066A8191A3C95840065E422 /* Manage_to_KeyboardTests.swift */; };
/* End PBXBuildFile section */

/* Begin PBXContainerItemProxy section */
		4066A8141A3C95840065E422 /* PBXContainerItemProxy */ = {
			isa = PBXContainerItemProxy;
			containerPortal = 4066A7F61A3C95840065E422 /* Project object */;
			proxyType = 1;
			remoteGlobalIDString = 4066A7FD1A3C95840065E422;
			remoteInfo = "Manage to Keyboard";
		};
/* End PBXContainerItemProxy section */

/* Begin PBXFileReference section */
		4066A7FE1A3C95840065E422 /* Manage to Keyboard.app */ = {isa = PBXFileReference; explicitFileType = wrapper.application; includeInIndex = 0; path = "Manage to Keyboard.app"; sourceTree = BUILT_PRODUCTS_DIR; };
		4066A8021A3C95840065E422 /* Info.plist */ = {isa = PBXFileReference; lastKnownFileType = text.plist.xml; path = Info.plist; sourceTree = "<group>"; };
		4066A8031A3C95840065E422 /* AppDelegate.swift */ = {isa = PBXFileReference; lastKnownFileType = sourcecode.swift; path = AppDelegate.swift; sourceTree = "<group>"; };
		4066A8051A3C95840065E422 /* ViewController.swift */ = {isa = PBXFileReference; lastKnownFileType = sourcecode.swift; path = ViewController.swift; sourceTree = "<group>"; };
		4066A8081A3C95840065E422 /* Base */ = {isa = PBXFileReference; lastKnownFileType = file.storyboard; name = Base; path = Base.lproj/Main.storyboard; sourceTree = "<group>"; };
		4066A80A1A3C95840065E422 /* Images.xcassets */ = {isa = PBXFileReference; lastKnownFileType = folder.assetcatalog; path = Images.xcassets; sourceTree = "<group>"; };
		4066A80D1A3C95840065E422 /* Base */ = {isa = PBXFileReference; lastKnownFileType = file.xib; name = Base; path = Base.lproj/LaunchScreen.xib; sourceTree = "<group>"; };
		4066A8131A3C95840065E422 /* Manage to KeyboardTests.xctest */ = {isa = PBXFileReference; explicitFileType = wrapper.cfbundle; includeInIndex = 0; path = "Manage to KeyboardTests.xctest"; sourceTree = BUILT_PRODUCTS_DIR; };
		4066A8181A3C95840065E422 /* Info.plist */ = {isa = PBXFileReference; lastKnownFileType = text.plist.xml; path = Info.plist; sourceTree = "<group>"; };
		4066A8191A3C95840065E422 /* Manage_to_KeyboardTests.swift */ = {isa = PBXFileReference; lastKnownFileType = sourcecode.swift; path = Manage_to_KeyboardTests.swift; sourceTree = "<group>"; };
/* End PBXFileReference section */

/* Begin PBXFrameworksBuildPhase section */
		4066A7FB1A3C95840065E422 /* Frameworks */ = {
			isa = PBXFrameworksBuildPhase;
			buildActionMask = 2147483647;
			files = (
			);
			runOnlyForDeploymentPostprocessing = 0;
		};
		4066A8101A3C95840065E422 /* Frameworks */ = {
			isa = PBXFrameworksBuildPhase;
			buildActionMask = 2147483647;
			files = (
			);
			runOnlyForDeploymentPostprocessing = 0;
		};
/* End PBXFrameworksBuildPhase section */

/* Begin PBXGroup section */
		4066A7F51A3C95840065E422 = {
			isa = PBXGroup;
			children = (
				4066A8001A3C95840065E422 /* Manage to Keyboard */,
				4066A8161A3C95840065E422 /* Manage to KeyboardTests */,
				4066A7FF1A3C95840065E422 /* Products */,
			);
			sourceTree = "<group>";
		};
		4066A7FF1A3C95840065E422 /* Products */ = {
			isa = PBXGroup;
			children = (
				4066A7FE1A3C95840065E422 /* Manage to Keyboard.app */,
				4066A8131A3C95840065E422 /* Manage to KeyboardTests.xctest */,
			);
			name = Products;
			sourceTree = "<group>";
		};
		4066A8001A3C95840065E422 /* Manage to Keyboard */ = {
			isa = PBXGroup;
			children = (
				4066A8031A3C95840065E422 /* AppDelegate.swift */,
				4066A8051A3C95840065E422 /* ViewController.swift */,
				4066A8071A3C95840065E422 /* Main.storyboard */,
				4066A80A1A3C95840065E422 /* Images.xcassets */,
				4066A80C1A3C95840065E422 /* LaunchScreen.xib */,
				4066A8011A3C95840065E422 /* Supporting Files */,
			);
			path = "Manage to Keyboard";
			sourceTree = "<group>";
		};
		4066A8011A3C95840065E422 /* Supporting Files */ = {
			isa = PBXGroup;
			children = (
				4066A8021A3C95840065E422 /* Info.plist */,
			);
			name = "Supporting Files";
			sourceTree = "<group>";
		};
		4066A8161A3C95840065E422 /* Manage to KeyboardTests */ = {
			isa = PBXGroup;
			children = (
				4066A8191A3C95840065E422 /* Manage_to_KeyboardTests.swift */,
				4066A8171A3C95840065E422 /* Supporting Files */,
			);
			path = "Manage to KeyboardTests";
			sourceTree = "<group>";
		};
		4066A8171A3C95840065E422 /* Supporting Files */ = {
			isa = PBXGroup;
			children = (
				4066A8181A3C95840065E422 /* Info.plist */,
			);
			name = "Supporting Files";
			sourceTree = "<group>";
		};
/* End PBXGroup section */

/* Begin PBXNativeTarget section */
		4066A7FD1A3C95840065E422 /* Manage to Keyboard */ = {
			isa = PBXNativeTarget;
			buildConfigurationList = 4066A81D1A3C95840065E422 /* Build configuration list for PBXNativeTarget "Manage to Keyboard" */;
			buildPhases = (
				4066A7FA1A3C95840065E422 /* Sources */,
				4066A7FB1A3C95840065E422 /* Frameworks */,
				4066A7FC1A3C95840065E422 /* Resources */,
			);
			buildRules = (
			);
			dependencies = (
			);
			name = "Manage to Keyboard";
			productName = "Manage to Keyboard";
			productReference = 4066A7FE1A3C95840065E422 /* Manage to Keyboard.app */;
			productType = "com.apple.product-type.application";
		};
		4066A8121A3C95840065E422 /* Manage to KeyboardTests */ = {
			isa = PBXNativeTarget;
			buildConfigurationList = 4066A8201A3C95840065E422 /* Build configuration list for PBXNativeTarget "Manage to KeyboardTests" */;
			buildPhases = (
				4066A80F1A3C95840065E422 /* Sources */,
				4066A8101A3C95840065E422 /* Frameworks */,
				4066A8111A3C95840065E422 /* Resources */,
			);
			buildRules = (
			);
			dependencies = (
				4066A8151A3C95840065E422 /* PBXTargetDependency */,
			);
			name = "Manage to KeyboardTests";
			productName = "Manage to KeyboardTests";
			productReference = 4066A8131A3C95840065E422 /* Manage to KeyboardTests.xctest */;
			productType = "com.apple.product-type.bundle.unit-test";
		};
/* End PBXNativeTarget section */

/* Begin PBXProject section */
		4066A7F61A3C95840065E422 /* Project object */ = {
			isa = PBXProject;
			attributes = {
				LastUpgradeCheck = 0610;
				ORGANIZATIONNAME = "Gökhan ACER";
				TargetAttributes = {
					4066A7FD1A3C95840065E422 = {
						CreatedOnToolsVersion = 6.1.1;
					};
					4066A8121A3C95840065E422 = {
						CreatedOnToolsVersion = 6.1.1;
						TestTargetID = 4066A7FD1A3C95840065E422;
					};
				};
			};
			buildConfigurationList = 4066A7F91A3C95840065E422 /* Build configuration list for PBXProject "Manage to Keyboard" */;
			compatibilityVersion = "Xcode 3.2";
			developmentRegion = English;
			hasScannedForEncodings = 0;
			knownRegions = (
				en,
				Base,
			);
			mainGroup = 4066A7F51A3C95840065E422;
			productRefGroup = 4066A7FF1A3C95840065E422 /* Products */;
			projectDirPath = "";
			projectRoot = "";
			targets = (
				4066A7FD1A3C95840065E422 /* Manage to Keyboard */,
				4066A8121A3C95840065E422 /* Manage to KeyboardTests */,
			);
		};
/* End PBXProject section */

/* Begin PBXResourcesBuildPhase section */
		4066A7FC1A3C95840065E422 /* Resources */ = {
			isa = PBXResourcesBuildPhase;
			buildActionMask = 2147483647;
			files = (
				4066A8091A3C95840065E422 /* Main.storyboard in Resources */,
				4066A80E1A3C95840065E422 /* LaunchScreen.xib in Resources */,
				4066A80B1A3C95840065E422 /* Images.xcassets in Resources */,
			);
			runOnlyForDeploymentPostprocessing = 0;
		};
		4066A8111A3C95840065E422 /* Resources */ = {
			isa = PBXResourcesBuildPhase;
			buildActionMask = 2147483647;
			files = (
			);
			runOnlyForDeploymentPostprocessing = 0;
		};
/* End PBXResourcesBuildPhase section */

/* Begin PBXSourcesBuildPhase section */
		4066A7FA1A3C95840065E422 /* Sources */ = {
			isa = PBXSourcesBuildPhase;
			buildActionMask = 2147483647;
			files = (
				4066A8061A3C95840065E422 /* ViewController.swift in Sources */,
				4066A8041A3C95840065E422 /* AppDelegate.swift in Sources */,
			);
			runOnlyForDeploymentPostprocessing = 0;
		};
		4066A80F1A3C95840065E422 /* Sources */ = {
			isa = PBXSourcesBuildPhase;
			buildActionMask = 2147483647;
			files = (
				4066A81A1A3C95840065E422 /* Manage_to_KeyboardTests.swift in Sources */,
			);
			runOnlyForDeploymentPostprocessing = 0;
		};
/* End PBXSourcesBuildPhase section */

/* Begin PBXTargetDependency section */
		4066A8151A3C95840065E422 /* PBXTargetDependency */ = {
			isa = PBXTargetDependency;
			target = 4066A7FD1A3C95840065E422 /* Manage to Keyboard */;
			targetProxy = 4066A8141A3C95840065E422 /* PBXContainerItemProxy */;
		};
/* End PBXTargetDependency section */

/* Begin PBXVariantGroup section */
		4066A8071A3C95840065E422 /* Main.storyboard */ = {
			isa = PBXVariantGroup;
			children = (
				4066A8081A3C95840065E422 /* Base */,
			);
			name = Main.storyboard;
			sourceTree = "<group>";
		};
		4066A80C1A3C95840065E422 /* LaunchScreen.xib */ = {
			isa = PBXVariantGroup;
			children = (
				4066A80D1A3C95840065E422 /* Base */,
			);
			name = LaunchScreen.xib;
			sourceTree = "<group>";
		};
/* End PBXVariantGroup section */

/* Begin XCBuildConfiguration section */
		4066A81B1A3C95840065E422 /* Debug */ = {
			isa = XCBuildConfiguration;
			buildSettings = {
				ALWAYS_SEARCH_USER_PATHS = NO;
				CLANG_CXX_LANGUAGE_STANDARD = "gnu++0x";
				CLANG_CXX_LIBRARY = "libc++";
				CLANG_ENABLE_MODULES = YES;
				CLANG_ENABLE_OBJC_ARC = YES;
				CLANG_WARN_BOOL_CONVERSION = YES;
				CLANG_WARN_CONSTANT_CONVERSION = YES;
				CLANG_WARN_DIRECT_OBJC_ISA_USAGE = YES_ERROR;
				CLANG_WARN_EMPTY_BODY = YES;
				CLANG_WARN_ENUM_CONVERSION = YES;
				CLANG_WARN_INT_CONVERSION = YES;
				CLANG_WARN_OBJC_ROOT_CLASS = YES_ERROR;
				CLANG_WARN_UNREACHABLE_CODE = YES;
				CLANG_WARN__DUPLICATE_METHOD_MATCH = YES;
				"CODE_SIGN_IDENTITY[sdk=iphoneos*]" = "iPhone Developer";
				COPY_PHASE_STRIP = NO;
				ENABLE_STRICT_OBJC_MSGSEND = YES;
				GCC_C_LANGUAGE_STANDARD = gnu99;
				GCC_DYNAMIC_NO_PIC = NO;
				GCC_OPTIMIZATION_LEVEL = 0;
				GCC_PREPROCESSOR_DEFINITIONS = (
					"DEBUG=1",
					"$(inherited)",
				);
				GCC_SYMBOLS_PRIVATE_EXTERN = NO;
				GCC_WARN_64_TO_32_BIT_CONVERSION = YES;
				GCC_WARN_ABOUT_RETURN_TYPE = YES_ERROR;
				GCC_WARN_UNDECLARED_SELECTOR = YES;
				GCC_WARN_UNINITIALIZED_AUTOS = YES_AGGRESSIVE;
				GCC_WARN_UNUSED_FUNCTION = YES;
				GCC_WARN_UNUSED_VARIABLE = YES;
				IPHONEOS_DEPLOYMENT_TARGET = 8.1;
				MTL_ENABLE_DEBUG_INFO = YES;
				ONLY_ACTIVE_ARCH = YES;
				SDKROOT = iphoneos;
				SWIFT_OPTIMIZATION_LEVEL = "-Onone";
			};
			name = Debug;
		};
		4066A81C1A3C95840065E422 /* Release */ = {
			isa = XCBuildConfiguration;
			buildSettings = {
				ALWAYS_SEARCH_USER_PATHS = NO;
				CLANG_CXX_LANGUAGE_STANDARD = "gnu++0x";
				CLANG_CXX_LIBRARY = "libc++";
				CLANG_ENABLE_MODULES = YES;
				CLANG_ENABLE_OBJC_ARC = YES;
				CLANG_WARN_BOOL_CONVERSION = YES;
				CLANG_WARN_CONSTANT_CONVERSION = YES;
				CLANG_WARN_DIRECT_OBJC_ISA_USAGE = YES_ERROR;
				CLANG_WARN_EMPTY_BODY = YES;
				CLANG_WARN_ENUM_CONVERSION = YES;
				CLANG_WARN_INT_CONVERSION = YES;
				CLANG_WARN_OBJC_ROOT_CLASS = YES_ERROR;
				CLANG_WARN_UNREACHABLE_CODE = YES;
				CLANG_WARN__DUPLICATE_METHOD_MATCH = YES;
				"CODE_SIGN_IDENTITY[sdk=iphoneos*]" = "iPhone Developer";
				COPY_PHASE_STRIP = YES;
				ENABLE_NS_ASSERTIONS = NO;
				ENABLE_STRICT_OBJC_MSGSEND = YES;
				GCC_C_LANGUAGE_STANDARD = gnu99;
				GCC_WARN_64_TO_32_BIT_CONVERSION = YES;
				GCC_WARN_ABOUT_RETURN_TYPE = YES_ERROR;
				GCC_WARN_UNDECLARED_SELECTOR = YES;
				GCC_WARN_UNINITIALIZED_AUTOS = YES_AGGRESSIVE;
				GCC_WARN_UNUSED_FUNCTION = YES;
				GCC_WARN_UNUSED_VARIABLE = YES;
				IPHONEOS_DEPLOYMENT_TARGET = 8.1;
				MTL_ENABLE_DEBUG_INFO = NO;
				SDKROOT = iphoneos;
				VALIDATE_PRODUCT = YES;
			};
			name = Release;
		};
		4066A81E1A3C95840065E422 /* Debug */ = {
			isa = XCBuildConfiguration;
			buildSettings = {
				ASSETCATALOG_COMPILER_APPICON_NAME = AppIcon;
				INFOPLIST_FILE = "Manage to Keyboard/Info.plist";
				LD_RUNPATH_SEARCH_PATHS = "$(inherited) @executable_path/Frameworks";
				PRODUCT_NAME = "$(TARGET_NAME)";
			};
			name = Debug;
		};
		4066A81F1A3C95840065E422 /* Release */ = {
			isa = XCBuildConfiguration;
			buildSettings = {
				ASSETCATALOG_COMPILER_APPICON_NAME = AppIcon;
				INFOPLIST_FILE = "Manage to Keyboard/Info.plist";
				LD_RUNPATH_SEARCH_PATHS = "$(inherited) @executable_path/Frameworks";
				PRODUCT_NAME = "$(TARGET_NAME)";
			};
			name = Release;
		};
		4066A8211A3C95840065E422 /* Debug */ = {
			isa = XCBuildConfiguration;
			buildSettings = {
				BUNDLE_LOADER = "$(TEST_HOST)";
				FRAMEWORK_SEARCH_PATHS = (
					"$(SDKROOT)/Developer/Library/Frameworks",
					"$(inherited)",
				);
				GCC_PREPROCESSOR_DEFINITIONS = (
					"DEBUG=1",
					"$(inherited)",
				);
				INFOPLIST_FILE = "Manage to KeyboardTests/Info.plist";
				LD_RUNPATH_SEARCH_PATHS = "$(inherited) @executable_path/Frameworks @loader_path/Frameworks";
				PRODUCT_NAME = "$(TARGET_NAME)";
				TEST_HOST = "$(BUILT_PRODUCTS_DIR)/Manage to Keyboard.app/Manage to Keyboard";
			};
			name = Debug;
		};
		4066A8221A3C95840065E422 /* Release */ = {
			isa = XCBuildConfiguration;
			buildSettings = {
				BUNDLE_LOADER = "$(TEST_HOST)";
				FRAMEWORK_SEARCH_PATHS = (
					"$(SDKROOT)/Developer/Library/Frameworks",
					"$(inherited)",
				);
				INFOPLIST_FILE = "Manage to KeyboardTests/Info.plist";
				LD_RUNPATH_SEARCH_PATHS = "$(inherited) @executable_path/Frameworks @loader_path/Frameworks";
				PRODUCT_NAME = "$(TARGET_NAME)";
				TEST_HOST = "$(BUILT_PRODUCTS_DIR)/Manage to Keyboard.app/Manage to Keyboard";
			};
			name = Release;
		};
/* End XCBuildConfiguration section */

/* Begin XCConfigurationList section */
		4066A7F91A3C95840065E422 /* Build configuration list for PBXProject "Manage to Keyboard" */ = {
			isa = XCConfigurationList;
			buildConfigurations = (
				4066A81B1A3C95840065E422 /* Debug */,
				4066A81C1A3C95840065E422 /* Release */,
			);
			defaultConfigurationIsVisible = 0;
			defaultConfigurationName = Release;
		};
		4066A81D1A3C95840065E422 /* Build configuration list for PBXNativeTarget "Manage to Keyboard" */ = {
			isa = XCConfigurationList;
			buildConfigurations = (
				4066A81E1A3C95840065E422 /* Debug */,
				4066A81F1A3C95840065E422 /* Release */,
			);
			defaultConfigurationIsVisible = 0;
		};
		4066A8201A3C95840065E422 /* Build configuration list for PBXNativeTarget "Manage to KeyboardTests" */ = {
			isa = XCConfigurationList;
			buildConfigurations = (
				4066A8211A3C95840065E422 /* Debug */,
				4066A8221A3C95840065E422 /* Release */,
			);
			defaultConfigurationIsVisible = 0;
		};
/* End XCConfigurationList section */
	};
	rootObject = 4066A7F61A3C95840065E422 /* Project object */;
}
