// !$*UTF8*$!
{
	archiveVersion = 1;
	classes = {
	};
	objectVersion = 46;
	objects = {

/* Begin PBXBuildFile section */
		4041D3D51A51BDC500F60888 /* AppDelegate.swift in Sources */ = {isa = PBXBuildFile; fileRef = 4041D3D41A51BDC500F60888 /* AppDelegate.swift */; };
		4041D3D71A51BDC500F60888 /* ViewController.swift in Sources */ = {isa = PBXBuildFile; fileRef = 4041D3D61A51BDC500F60888 /* ViewController.swift */; };
		4041D3DA1A51BDC500F60888 /* Main.storyboard in Resources */ = {isa = PBXBuildFile; fileRef = 4041D3D81A51BDC500F60888 /* Main.storyboard */; };
		4041D3DC1A51BDC500F60888 /* Images.xcassets in Resources */ = {isa = PBXBuildFile; fileRef = 4041D3DB1A51BDC500F60888 /* Images.xcassets */; };
		4041D3DF1A51BDC500F60888 /* LaunchScreen.xib in Resources */ = {isa = PBXBuildFile; fileRef = 4041D3DD1A51BDC500F60888 /* LaunchScreen.xib */; };
		4041D3EB1A51BDC600F60888 /* Example_App3Tests.swift in Sources */ = {isa = PBXBuildFile; fileRef = 4041D3EA1A51BDC600F60888 /* Example_App3Tests.swift */; };
/* End PBXBuildFile section */

/* Begin PBXContainerItemProxy section */
		4041D3E51A51BDC600F60888 /* PBXContainerItemProxy */ = {
			isa = PBXContainerItemProxy;
			containerPortal = 4041D3C71A51BDC500F60888 /* Project object */;
			proxyType = 1;
			remoteGlobalIDString = 4041D3CE1A51BDC500F60888;
			remoteInfo = "Example App3";
		};
/* End PBXContainerItemProxy section */

/* Begin PBXFileReference section */
		4041D3CF1A51BDC500F60888 /* Example App3.app */ = {isa = PBXFileReference; explicitFileType = wrapper.application; includeInIndex = 0; path = "Example App3.app"; sourceTree = BUILT_PRODUCTS_DIR; };
		4041D3D31A51BDC500F60888 /* Info.plist */ = {isa = PBXFileReference; lastKnownFileType = text.plist.xml; path = Info.plist; sourceTree = "<group>"; };
		4041D3D41A51BDC500F60888 /* AppDelegate.swift */ = {isa = PBXFileReference; lastKnownFileType = sourcecode.swift; path = AppDelegate.swift; sourceTree = "<group>"; };
		4041D3D61A51BDC500F60888 /* ViewController.swift */ = {isa = PBXFileReference; lastKnownFileType = sourcecode.swift; path = ViewController.swift; sourceTree = "<group>"; };
		4041D3D91A51BDC500F60888 /* Base */ = {isa = PBXFileReference; lastKnownFileType = file.storyboard; name = Base; path = Base.lproj/Main.storyboard; sourceTree = "<group>"; };
		4041D3DB1A51BDC500F60888 /* Images.xcassets */ = {isa = PBXFileReference; lastKnownFileType = folder.assetcatalog; path = Images.xcassets; sourceTree = "<group>"; };
		4041D3DE1A51BDC500F60888 /* Base */ = {isa = PBXFileReference; lastKnownFileType = file.xib; name = Base; path = Base.lproj/LaunchScreen.xib; sourceTree = "<group>"; };
		4041D3E41A51BDC600F60888 /* Example App3Tests.xctest */ = {isa = PBXFileReference; explicitFileType = wrapper.cfbundle; includeInIndex = 0; path = "Example App3Tests.xctest"; sourceTree = BUILT_PRODUCTS_DIR; };
		4041D3E91A51BDC600F60888 /* Info.plist */ = {isa = PBXFileReference; lastKnownFileType = text.plist.xml; path = Info.plist; sourceTree = "<group>"; };
		4041D3EA1A51BDC600F60888 /* Example_App3Tests.swift */ = {isa = PBXFileReference; lastKnownFileType = sourcecode.swift; path = Example_App3Tests.swift; sourceTree = "<group>"; };
		40B725051A530AF000422FA1 /* MyPlayground.playground */ = {isa = PBXFileReference; lastKnownFileType = file.playground; path = MyPlayground.playground; sourceTree = "<group>"; };
		40B725061A5AB1C200422FA1 /* Delegation.playground */ = {isa = PBXFileReference; lastKnownFileType = file.playground; path = Delegation.playground; sourceTree = "<group>"; };
/* End PBXFileReference section */

/* Begin PBXFrameworksBuildPhase section */
		4041D3CC1A51BDC500F60888 /* Frameworks */ = {
			isa = PBXFrameworksBuildPhase;
			buildActionMask = 2147483647;
			files = (
			);
			runOnlyForDeploymentPostprocessing = 0;
		};
		4041D3E11A51BDC600F60888 /* Frameworks */ = {
			isa = PBXFrameworksBuildPhase;
			buildActionMask = 2147483647;
			files = (
			);
			runOnlyForDeploymentPostprocessing = 0;
		};
/* End PBXFrameworksBuildPhase section */

/* Begin PBXGroup section */
		4041D3C61A51BDC500F60888 = {
			isa = PBXGroup;
			children = (
				40B725051A530AF000422FA1 /* MyPlayground.playground */,
				40B725061A5AB1C200422FA1 /* Delegation.playground */,
				4041D3D11A51BDC500F60888 /* Example App3 */,
				4041D3E71A51BDC600F60888 /* Example App3Tests */,
				4041D3D01A51BDC500F60888 /* Products */,
			);
			sourceTree = "<group>";
		};
		4041D3D01A51BDC500F60888 /* Products */ = {
			isa = PBXGroup;
			children = (
				4041D3CF1A51BDC500F60888 /* Example App3.app */,
				4041D3E41A51BDC600F60888 /* Example App3Tests.xctest */,
			);
			name = Products;
			sourceTree = "<group>";
		};
		4041D3D11A51BDC500F60888 /* Example App3 */ = {
			isa = PBXGroup;
			children = (
				4041D3D41A51BDC500F60888 /* AppDelegate.swift */,
				4041D3D61A51BDC500F60888 /* ViewController.swift */,
				4041D3D81A51BDC500F60888 /* Main.storyboard */,
				4041D3DB1A51BDC500F60888 /* Images.xcassets */,
				4041D3DD1A51BDC500F60888 /* LaunchScreen.xib */,
				4041D3D21A51BDC500F60888 /* Supporting Files */,
			);
			path = "Example App3";
			sourceTree = "<group>";
		};
		4041D3D21A51BDC500F60888 /* Supporting Files */ = {
			isa = PBXGroup;
			children = (
				4041D3D31A51BDC500F60888 /* Info.plist */,
			);
			name = "Supporting Files";
			sourceTree = "<group>";
		};
		4041D3E71A51BDC600F60888 /* Example App3Tests */ = {
			isa = PBXGroup;
			children = (
				4041D3EA1A51BDC600F60888 /* Example_App3Tests.swift */,
				4041D3E81A51BDC600F60888 /* Supporting Files */,
			);
			path = "Example App3Tests";
			sourceTree = "<group>";
		};
		4041D3E81A51BDC600F60888 /* Supporting Files */ = {
			isa = PBXGroup;
			children = (
				4041D3E91A51BDC600F60888 /* Info.plist */,
			);
			name = "Supporting Files";
			sourceTree = "<group>";
		};
/* End PBXGroup section */

/* Begin PBXNativeTarget section */
		4041D3CE1A51BDC500F60888 /* Example App3 */ = {
			isa = PBXNativeTarget;
			buildConfigurationList = 4041D3EE1A51BDC600F60888 /* Build configuration list for PBXNativeTarget "Example App3" */;
			buildPhases = (
				4041D3CB1A51BDC500F60888 /* Sources */,
				4041D3CC1A51BDC500F60888 /* Frameworks */,
				4041D3CD1A51BDC500F60888 /* Resources */,
			);
			buildRules = (
			);
			dependencies = (
			);
			name = "Example App3";
			productName = "Example App3";
			productReference = 4041D3CF1A51BDC500F60888 /* Example App3.app */;
			productType = "com.apple.product-type.application";
		};
		4041D3E31A51BDC600F60888 /* Example App3Tests */ = {
			isa = PBXNativeTarget;
			buildConfigurationList = 4041D3F11A51BDC600F60888 /* Build configuration list for PBXNativeTarget "Example App3Tests" */;
			buildPhases = (
				4041D3E01A51BDC600F60888 /* Sources */,
				4041D3E11A51BDC600F60888 /* Frameworks */,
				4041D3E21A51BDC600F60888 /* Resources */,
			);
			buildRules = (
			);
			dependencies = (
				4041D3E61A51BDC600F60888 /* PBXTargetDependency */,
			);
			name = "Example App3Tests";
			productName = "Example App3Tests";
			productReference = 4041D3E41A51BDC600F60888 /* Example App3Tests.xctest */;
			productType = "com.apple.product-type.bundle.unit-test";
		};
/* End PBXNativeTarget section */

/* Begin PBXProject section */
		4041D3C71A51BDC500F60888 /* Project object */ = {
			isa = PBXProject;
			attributes = {
				LastUpgradeCheck = 0610;
				ORGANIZATIONNAME = "Gökhan ACER";
				TargetAttributes = {
					4041D3CE1A51BDC500F60888 = {
						CreatedOnToolsVersion = 6.1.1;
					};
					4041D3E31A51BDC600F60888 = {
						CreatedOnToolsVersion = 6.1.1;
						TestTargetID = 4041D3CE1A51BDC500F60888;
					};
				};
			};
			buildConfigurationList = 4041D3CA1A51BDC500F60888 /* Build configuration list for PBXProject "Example App3" */;
			compatibilityVersion = "Xcode 3.2";
			developmentRegion = English;
			hasScannedForEncodings = 0;
			knownRegions = (
				en,
				Base,
			);
			mainGroup = 4041D3C61A51BDC500F60888;
			productRefGroup = 4041D3D01A51BDC500F60888 /* Products */;
			projectDirPath = "";
			projectRoot = "";
			targets = (
				4041D3CE1A51BDC500F60888 /* Example App3 */,
				4041D3E31A51BDC600F60888 /* Example App3Tests */,
			);
		};
/* End PBXProject section */

/* Begin PBXResourcesBuildPhase section */
		4041D3CD1A51BDC500F60888 /* Resources */ = {
			isa = PBXResourcesBuildPhase;
			buildActionMask = 2147483647;
			files = (
				4041D3DA1A51BDC500F60888 /* Main.storyboard in Resources */,
				4041D3DF1A51BDC500F60888 /* LaunchScreen.xib in Resources */,
				4041D3DC1A51BDC500F60888 /* Images.xcassets in Resources */,
			);
			runOnlyForDeploymentPostprocessing = 0;
		};
		4041D3E21A51BDC600F60888 /* Resources */ = {
			isa = PBXResourcesBuildPhase;
			buildActionMask = 2147483647;
			files = (
			);
			runOnlyForDeploymentPostprocessing = 0;
		};
/* End PBXResourcesBuildPhase section */

/* Begin PBXSourcesBuildPhase section */
		4041D3CB1A51BDC500F60888 /* Sources */ = {
			isa = PBXSourcesBuildPhase;
			buildActionMask = 2147483647;
			files = (
				4041D3D71A51BDC500F60888 /* ViewController.swift in Sources */,
				4041D3D51A51BDC500F60888 /* AppDelegate.swift in Sources */,
			);
			runOnlyForDeploymentPostprocessing = 0;
		};
		4041D3E01A51BDC600F60888 /* Sources */ = {
			isa = PBXSourcesBuildPhase;
			buildActionMask = 2147483647;
			files = (
				4041D3EB1A51BDC600F60888 /* Example_App3Tests.swift in Sources */,
			);
			runOnlyForDeploymentPostprocessing = 0;
		};
/* End PBXSourcesBuildPhase section */

/* Begin PBXTargetDependency section */
		4041D3E61A51BDC600F60888 /* PBXTargetDependency */ = {
			isa = PBXTargetDependency;
			target = 4041D3CE1A51BDC500F60888 /* Example App3 */;
			targetProxy = 4041D3E51A51BDC600F60888 /* PBXContainerItemProxy */;
		};
/* End PBXTargetDependency section */

/* Begin PBXVariantGroup section */
		4041D3D81A51BDC500F60888 /* Main.storyboard */ = {
			isa = PBXVariantGroup;
			children = (
				4041D3D91A51BDC500F60888 /* Base */,
			);
			name = Main.storyboard;
			sourceTree = "<group>";
		};
		4041D3DD1A51BDC500F60888 /* LaunchScreen.xib */ = {
			isa = PBXVariantGroup;
			children = (
				4041D3DE1A51BDC500F60888 /* Base */,
			);
			name = LaunchScreen.xib;
			sourceTree = "<group>";
		};
/* End PBXVariantGroup section */

/* Begin XCBuildConfiguration section */
		4041D3EC1A51BDC600F60888 /* Debug */ = {
			isa = XCBuildConfiguration;
			buildSettings = {
				ALWAYS_SEARCH_USER_PATHS = NO;
				CLANG_CXX_LANGUAGE_STANDARD = "gnu++0x";
				CLANG_CXX_LIBRARY = "libc++";
				CLANG_ENABLE_MODULES = YES;
				CLANG_ENABLE_OBJC_ARC = YES;
				CLANG_WARN_BOOL_CONVERSION = YES;
				CLANG_WARN_CONSTANT_CONVERSION = YES;
				CLANG_WARN_DIRECT_OBJC_ISA_USAGE = YES_ERROR;
				CLANG_WARN_EMPTY_BODY = YES;
				CLANG_WARN_ENUM_CONVERSION = YES;
				CLANG_WARN_INT_CONVERSION = YES;
				CLANG_WARN_OBJC_ROOT_CLASS = YES_ERROR;
				CLANG_WARN_UNREACHABLE_CODE = YES;
				CLANG_WARN__DUPLICATE_METHOD_MATCH = YES;
				"CODE_SIGN_IDENTITY[sdk=iphoneos*]" = "iPhone Developer";
				COPY_PHASE_STRIP = NO;
				ENABLE_STRICT_OBJC_MSGSEND = YES;
				GCC_C_LANGUAGE_STANDARD = gnu99;
				GCC_DYNAMIC_NO_PIC = NO;
				GCC_OPTIMIZATION_LEVEL = 0;
				GCC_PREPROCESSOR_DEFINITIONS = (
					"DEBUG=1",
					"$(inherited)",
				);
				GCC_SYMBOLS_PRIVATE_EXTERN = NO;
				GCC_WARN_64_TO_32_BIT_CONVERSION = YES;
				GCC_WARN_ABOUT_RETURN_TYPE = YES_ERROR;
				GCC_WARN_UNDECLARED_SELECTOR = YES;
				GCC_WARN_UNINITIALIZED_AUTOS = YES_AGGRESSIVE;
				GCC_WARN_UNUSED_FUNCTION = YES;
				GCC_WARN_UNUSED_VARIABLE = YES;
				IPHONEOS_DEPLOYMENT_TARGET = 8.1;
				MTL_ENABLE_DEBUG_INFO = YES;
				ONLY_ACTIVE_ARCH = YES;
				SDKROOT = iphoneos;
				SWIFT_OPTIMIZATION_LEVEL = "-Onone";
			};
			name = Debug;
		};
		4041D3ED1A51BDC600F60888 /* Release */ = {
			isa = XCBuildConfiguration;
			buildSettings = {
				ALWAYS_SEARCH_USER_PATHS = NO;
				CLANG_CXX_LANGUAGE_STANDARD = "gnu++0x";
				CLANG_CXX_LIBRARY = "libc++";
				CLANG_ENABLE_MODULES = YES;
				CLANG_ENABLE_OBJC_ARC = YES;
				CLANG_WARN_BOOL_CONVERSION = YES;
				CLANG_WARN_CONSTANT_CONVERSION = YES;
				CLANG_WARN_DIRECT_OBJC_ISA_USAGE = YES_ERROR;
				CLANG_WARN_EMPTY_BODY = YES;
				CLANG_WARN_ENUM_CONVERSION = YES;
				CLANG_WARN_INT_CONVERSION = YES;
				CLANG_WARN_OBJC_ROOT_CLASS = YES_ERROR;
				CLANG_WARN_UNREACHABLE_CODE = YES;
				CLANG_WARN__DUPLICATE_METHOD_MATCH = YES;
				"CODE_SIGN_IDENTITY[sdk=iphoneos*]" = "iPhone Developer";
				COPY_PHASE_STRIP = YES;
				ENABLE_NS_ASSERTIONS = NO;
				ENABLE_STRICT_OBJC_MSGSEND = YES;
				GCC_C_LANGUAGE_STANDARD = gnu99;
				GCC_WARN_64_TO_32_BIT_CONVERSION = YES;
				GCC_WARN_ABOUT_RETURN_TYPE = YES_ERROR;
				GCC_WARN_UNDECLARED_SELECTOR = YES;
				GCC_WARN_UNINITIALIZED_AUTOS = YES_AGGRESSIVE;
				GCC_WARN_UNUSED_FUNCTION = YES;
				GCC_WARN_UNUSED_VARIABLE = YES;
				IPHONEOS_DEPLOYMENT_TARGET = 8.1;
				MTL_ENABLE_DEBUG_INFO = NO;
				SDKROOT = iphoneos;
				VALIDATE_PRODUCT = YES;
			};
			name = Release;
		};
		4041D3EF1A51BDC600F60888 /* Debug */ = {
			isa = XCBuildConfiguration;
			buildSettings = {
				ASSETCATALOG_COMPILER_APPICON_NAME = AppIcon;
				INFOPLIST_FILE = "Example App3/Info.plist";
				LD_RUNPATH_SEARCH_PATHS = "$(inherited) @executable_path/Frameworks";
				PRODUCT_NAME = "$(TARGET_NAME)";
			};
			name = Debug;
		};
		4041D3F01A51BDC600F60888 /* Release */ = {
			isa = XCBuildConfiguration;
			buildSettings = {
				ASSETCATALOG_COMPILER_APPICON_NAME = AppIcon;
				INFOPLIST_FILE = "Example App3/Info.plist";
				LD_RUNPATH_SEARCH_PATHS = "$(inherited) @executable_path/Frameworks";
				PRODUCT_NAME = "$(TARGET_NAME)";
			};
			name = Release;
		};
		4041D3F21A51BDC600F60888 /* Debug */ = {
			isa = XCBuildConfiguration;
			buildSettings = {
				BUNDLE_LOADER = "$(TEST_HOST)";
				FRAMEWORK_SEARCH_PATHS = (
					"$(SDKROOT)/Developer/Library/Frameworks",
					"$(inherited)",
				);
				GCC_PREPROCESSOR_DEFINITIONS = (
					"DEBUG=1",
					"$(inherited)",
				);
				INFOPLIST_FILE = "Example App3Tests/Info.plist";
				LD_RUNPATH_SEARCH_PATHS = "$(inherited) @executable_path/Frameworks @loader_path/Frameworks";
				PRODUCT_NAME = "$(TARGET_NAME)";
				TEST_HOST = "$(BUILT_PRODUCTS_DIR)/Example App3.app/Example App3";
			};
			name = Debug;
		};
		4041D3F31A51BDC600F60888 /* Release */ = {
			isa = XCBuildConfiguration;
			buildSettings = {
				BUNDLE_LOADER = "$(TEST_HOST)";
				FRAMEWORK_SEARCH_PATHS = (
					"$(SDKROOT)/Developer/Library/Frameworks",
					"$(inherited)",
				);
				INFOPLIST_FILE = "Example App3Tests/Info.plist";
				LD_RUNPATH_SEARCH_PATHS = "$(inherited) @executable_path/Frameworks @loader_path/Frameworks";
				PRODUCT_NAME = "$(TARGET_NAME)";
				TEST_HOST = "$(BUILT_PRODUCTS_DIR)/Example App3.app/Example App3";
			};
			name = Release;
		};
/* End XCBuildConfiguration section */

/* Begin XCConfigurationList section */
		4041D3CA1A51BDC500F60888 /* Build configuration list for PBXProject "Example App3" */ = {
			isa = XCConfigurationList;
			buildConfigurations = (
				4041D3EC1A51BDC600F60888 /* Debug */,
				4041D3ED1A51BDC600F60888 /* Release */,
			);
			defaultConfigurationIsVisible = 0;
			defaultConfigurationName = Release;
		};
		4041D3EE1A51BDC600F60888 /* Build configuration list for PBXNativeTarget "Example App3" */ = {
			isa = XCConfigurationList;
			buildConfigurations = (
				4041D3EF1A51BDC600F60888 /* Debug */,
				4041D3F01A51BDC600F60888 /* Release */,
			);
			defaultConfigurationIsVisible = 0;
			defaultConfigurationName = Release;
		};
		4041D3F11A51BDC600F60888 /* Build configuration list for PBXNativeTarget "Example App3Tests" */ = {
			isa = XCConfigurationList;
			buildConfigurations = (
				4041D3F21A51BDC600F60888 /* Debug */,
				4041D3F31A51BDC600F60888 /* Release */,
			);
			defaultConfigurationIsVisible = 0;
			defaultConfigurationName = Release;
		};
/* End XCConfigurationList section */
	};
	rootObject = 4041D3C71A51BDC500F60888 /* Project object */;
}
